// !$*UTF8*$!
{
	archiveVersion = 1;
	classes = {
	};
	objectVersion = 50;
	objects = {

/* Begin PBXBuildFile section */
		151640F420BD7A8C0062FA33 /* TheGrid.framework in Frameworks */ = {isa = PBXBuildFile; fileRef = 151640EA20BD7A8C0062FA33 /* TheGrid.framework */; };
		151640F920BD7A8C0062FA33 /* TheGridTests.swift in Sources */ = {isa = PBXBuildFile; fileRef = 151640F820BD7A8C0062FA33 /* TheGridTests.swift */; };
		151640FB20BD7A8C0062FA33 /* TheGrid.h in Headers */ = {isa = PBXBuildFile; fileRef = 151640ED20BD7A8C0062FA33 /* TheGrid.h */; settings = {ATTRIBUTES = (Public, ); }; };
/* End PBXBuildFile section */

/* Begin PBXContainerItemProxy section */
		151640F520BD7A8C0062FA33 /* PBXContainerItemProxy */ = {
			isa = PBXContainerItemProxy;
			containerPortal = 151640E120BD7A8C0062FA33 /* Project object */;
			proxyType = 1;
			remoteGlobalIDString = 151640E920BD7A8C0062FA33;
			remoteInfo = TheGrid;
		};
/* End PBXContainerItemProxy section */

/* Begin PBXFileReference section */
		151640EA20BD7A8C0062FA33 /* TheGrid.framework */ = {isa = PBXFileReference; explicitFileType = wrapper.framework; includeInIndex = 0; path = TheGrid.framework; sourceTree = BUILT_PRODUCTS_DIR; };
		151640ED20BD7A8C0062FA33 /* TheGrid.h */ = {isa = PBXFileReference; lastKnownFileType = sourcecode.c.h; path = TheGrid.h; sourceTree = "<group>"; };
		151640EE20BD7A8C0062FA33 /* Info.plist */ = {isa = PBXFileReference; lastKnownFileType = text.plist.xml; path = Info.plist; sourceTree = "<group>"; };
		151640F320BD7A8C0062FA33 /* TheGridTests.xctest */ = {isa = PBXFileReference; explicitFileType = wrapper.cfbundle; includeInIndex = 0; path = TheGridTests.xctest; sourceTree = BUILT_PRODUCTS_DIR; };
		151640F820BD7A8C0062FA33 /* TheGridTests.swift */ = {isa = PBXFileReference; lastKnownFileType = sourcecode.swift; path = TheGridTests.swift; sourceTree = "<group>"; };
		151640FA20BD7A8C0062FA33 /* Info.plist */ = {isa = PBXFileReference; lastKnownFileType = text.plist.xml; path = Info.plist; sourceTree = "<group>"; };
/* End PBXFileReference section */

/* Begin PBXFrameworksBuildPhase section */
		151640E620BD7A8C0062FA33 /* Frameworks */ = {
			isa = PBXFrameworksBuildPhase;
			buildActionMask = 2147483647;
			files = (
			);
			runOnlyForDeploymentPostprocessing = 0;
		};
		151640F020BD7A8C0062FA33 /* Frameworks */ = {
			isa = PBXFrameworksBuildPhase;
			buildActionMask = 2147483647;
			files = (
				151640F420BD7A8C0062FA33 /* TheGrid.framework in Frameworks */,
			);
			runOnlyForDeploymentPostprocessing = 0;
		};
/* End PBXFrameworksBuildPhase section */

/* Begin PBXGroup section */
		151640E020BD7A8C0062FA33 = {
			isa = PBXGroup;
			children = (
				151640EC20BD7A8C0062FA33 /* TheGrid */,
				151640F720BD7A8C0062FA33 /* TheGridTests */,
				151640EB20BD7A8C0062FA33 /* Products */,
			);
			sourceTree = "<group>";
		};
		151640EB20BD7A8C0062FA33 /* Products */ = {
			isa = PBXGroup;
			children = (
				151640EA20BD7A8C0062FA33 /* TheGrid.framework */,
				151640F320BD7A8C0062FA33 /* TheGridTests.xctest */,
			);
			name = Products;
			sourceTree = "<group>";
		};
		151640EC20BD7A8C0062FA33 /* TheGrid */ = {
			isa = PBXGroup;
			children = (
				151640ED20BD7A8C0062FA33 /* TheGrid.h */,
				151640EE20BD7A8C0062FA33 /* Info.plist */,
			);
			path = TheGrid;
			sourceTree = "<group>";
		};
		151640F720BD7A8C0062FA33 /* TheGridTests */ = {
			isa = PBXGroup;
			children = (
				151640F820BD7A8C0062FA33 /* TheGridTests.swift */,
				151640FA20BD7A8C0062FA33 /* Info.plist */,
			);
			path = TheGridTests;
			sourceTree = "<group>";
		};
/* End PBXGroup section */

/* Begin PBXHeadersBuildPhase section */
		151640E720BD7A8C0062FA33 /* Headers */ = {
			isa = PBXHeadersBuildPhase;
			buildActionMask = 2147483647;
			files = (
				151640FB20BD7A8C0062FA33 /* TheGrid.h in Headers */,
			);
			runOnlyForDeploymentPostprocessing = 0;
		};
/* End PBXHeadersBuildPhase section */

/* Begin PBXNativeTarget section */
		151640E920BD7A8C0062FA33 /* TheGrid */ = {
			isa = PBXNativeTarget;
			buildConfigurationList = 151640FE20BD7A8C0062FA33 /* Build configuration list for PBXNativeTarget "TheGrid" */;
			buildPhases = (
				151640E520BD7A8C0062FA33 /* Sources */,
				151640E620BD7A8C0062FA33 /* Frameworks */,
				151640E720BD7A8C0062FA33 /* Headers */,
				151640E820BD7A8C0062FA33 /* Resources */,
			);
			buildRules = (
			);
			dependencies = (
			);
			name = TheGrid;
			productName = TheGrid;
			productReference = 151640EA20BD7A8C0062FA33 /* TheGrid.framework */;
			productType = "com.apple.product-type.framework";
		};
		151640F220BD7A8C0062FA33 /* TheGridTests */ = {
			isa = PBXNativeTarget;
			buildConfigurationList = 1516410120BD7A8C0062FA33 /* Build configuration list for PBXNativeTarget "TheGridTests" */;
			buildPhases = (
				151640EF20BD7A8C0062FA33 /* Sources */,
				151640F020BD7A8C0062FA33 /* Frameworks */,
				151640F120BD7A8C0062FA33 /* Resources */,
			);
			buildRules = (
			);
			dependencies = (
				151640F620BD7A8C0062FA33 /* PBXTargetDependency */,
			);
			name = TheGridTests;
			productName = TheGridTests;
			productReference = 151640F320BD7A8C0062FA33 /* TheGridTests.xctest */;
			productType = "com.apple.product-type.bundle.unit-test";
		};
/* End PBXNativeTarget section */

/* Begin PBXProject section */
		151640E120BD7A8C0062FA33 /* Project object */ = {
			isa = PBXProject;
			attributes = {
				LastSwiftUpdateCheck = 0930;
				LastUpgradeCheck = 0930;
				ORGANIZATIONNAME = LiveUI;
				TargetAttributes = {
					151640E920BD7A8C0062FA33 = {
						CreatedOnToolsVersion = 9.3;
					};
					151640F220BD7A8C0062FA33 = {
						CreatedOnToolsVersion = 9.3;
					};
				};
			};
			buildConfigurationList = 151640E420BD7A8C0062FA33 /* Build configuration list for PBXProject "TheGrid" */;
			compatibilityVersion = "Xcode 9.3";
			developmentRegion = en;
			hasScannedForEncodings = 0;
			knownRegions = (
				en,
			);
			mainGroup = 151640E020BD7A8C0062FA33;
			productRefGroup = 151640EB20BD7A8C0062FA33 /* Products */;
			projectDirPath = "";
			projectRoot = "";
			targets = (
				151640E920BD7A8C0062FA33 /* TheGrid */,
				151640F220BD7A8C0062FA33 /* TheGridTests */,
			);
		};
/* End PBXProject section */

/* Begin PBXResourcesBuildPhase section */
		151640E820BD7A8C0062FA33 /* Resources */ = {
			isa = PBXResourcesBuildPhase;
			buildActionMask = 2147483647;
			files = (
			);
			runOnlyForDeploymentPostprocessing = 0;
		};
		151640F120BD7A8C0062FA33 /* Resources */ = {
			isa = PBXResourcesBuildPhase;
			buildActionMask = 2147483647;
			files = (
			);
			runOnlyForDeploymentPostprocessing = 0;
		};
/* End PBXResourcesBuildPhase section */

/* Begin PBXSourcesBuildPhase section */
		151640E520BD7A8C0062FA33 /* Sources */ = {
			isa = PBXSourcesBuildPhase;
			buildActionMask = 2147483647;
			files = (
			);
			runOnlyForDeploymentPostprocessing = 0;
		};
		151640EF20BD7A8C0062FA33 /* Sources */ = {
			isa = PBXSourcesBuildPhase;
			buildActionMask = 2147483647;
			files = (
				151640F920BD7A8C0062FA33 /* TheGridTests.swift in Sources */,
			);
			runOnlyForDeploymentPostprocessing = 0;
		};
/* End PBXSourcesBuildPhase section */

/* Begin PBXTargetDependency section */
		151640F620BD7A8C0062FA33 /* PBXTargetDependency */ = {
			isa = PBXTargetDependency;
			target = 151640E920BD7A8C0062FA33 /* TheGrid */;
			targetProxy = 151640F520BD7A8C0062FA33 /* PBXContainerItemProxy */;
		};
/* End PBXTargetDependency section */

/* Begin XCBuildConfiguration section */
		151640FC20BD7A8C0062FA33 /* Debug */ = {
			isa = XCBuildConfiguration;
			buildSettings = {
				ALWAYS_SEARCH_USER_PATHS = NO;
				CLANG_ANALYZER_NONNULL = YES;
				CLANG_ANALYZER_NUMBER_OBJECT_CONVERSION = YES_AGGRESSIVE;
				CLANG_CXX_LANGUAGE_STANDARD = "gnu++14";
				CLANG_CXX_LIBRARY = "libc++";
				CLANG_ENABLE_MODULES = YES;
				CLANG_ENABLE_OBJC_ARC = YES;
				CLANG_ENABLE_OBJC_WEAK = YES;
				CLANG_WARN_BLOCK_CAPTURE_AUTORELEASING = YES;
				CLANG_WARN_BOOL_CONVERSION = YES;
				CLANG_WARN_COMMA = YES;
				CLANG_WARN_CONSTANT_CONVERSION = YES;
				CLANG_WARN_DEPRECATED_OBJC_IMPLEMENTATIONS = YES;
				CLANG_WARN_DIRECT_OBJC_ISA_USAGE = YES_ERROR;
				CLANG_WARN_DOCUMENTATION_COMMENTS = YES;
				CLANG_WARN_EMPTY_BODY = YES;
				CLANG_WARN_ENUM_CONVERSION = YES;
				CLANG_WARN_INFINITE_RECURSION = YES;
				CLANG_WARN_INT_CONVERSION = YES;
				CLANG_WARN_NON_LITERAL_NULL_CONVERSION = YES;
				CLANG_WARN_OBJC_IMPLICIT_RETAIN_SELF = YES;
				CLANG_WARN_OBJC_LITERAL_CONVERSION = YES;
				CLANG_WARN_OBJC_ROOT_CLASS = YES_ERROR;
				CLANG_WARN_RANGE_LOOP_ANALYSIS = YES;
				CLANG_WARN_STRICT_PROTOTYPES = YES;
				CLANG_WARN_SUSPICIOUS_MOVE = YES;
				CLANG_WARN_UNGUARDED_AVAILABILITY = YES_AGGRESSIVE;
				CLANG_WARN_UNREACHABLE_CODE = YES;
				CLANG_WARN__DUPLICATE_METHOD_MATCH = YES;
				CODE_SIGN_IDENTITY = "iPhone Developer";
				COPY_PHASE_STRIP = NO;
				CURRENT_PROJECT_VERSION = 1;
				DEBUG_INFORMATION_FORMAT = dwarf;
				ENABLE_STRICT_OBJC_MSGSEND = YES;
				ENABLE_TESTABILITY = YES;
				GCC_C_LANGUAGE_STANDARD = gnu11;
				GCC_DYNAMIC_NO_PIC = NO;
				GCC_NO_COMMON_BLOCKS = YES;
				GCC_OPTIMIZATION_LEVEL = 0;
				GCC_PREPROCESSOR_DEFINITIONS = (
					"DEBUG=1",
					"$(inherited)",
				);
				GCC_WARN_64_TO_32_BIT_CONVERSION = YES;
				GCC_WARN_ABOUT_RETURN_TYPE = YES_ERROR;
				GCC_WARN_UNDECLARED_SELECTOR = YES;
				GCC_WARN_UNINITIALIZED_AUTOS = YES_AGGRESSIVE;
				GCC_WARN_UNUSED_FUNCTION = YES;
				GCC_WARN_UNUSED_VARIABLE = YES;
				IPHONEOS_DEPLOYMENT_TARGET = 11.3;
				MTL_ENABLE_DEBUG_INFO = YES;
				ONLY_ACTIVE_ARCH = YES;
				SDKROOT = iphoneos;
				SWIFT_ACTIVE_COMPILATION_CONDITIONS = DEBUG;
				SWIFT_OPTIMIZATION_LEVEL = "-Onone";
				VERSIONING_SYSTEM = "apple-generic";
				VERSION_INFO_PREFIX = "";
			};
			name = Debug;
		};
		151640FD20BD7A8C0062FA33 /* Release */ = {
			isa = XCBuildConfiguration;
			buildSettings = {
				ALWAYS_SEARCH_USER_PATHS = NO;
				CLANG_ANALYZER_NONNULL = YES;
				CLANG_ANALYZER_NUMBER_OBJECT_CONVERSION = YES_AGGRESSIVE;
				CLANG_CXX_LANGUAGE_STANDARD = "gnu++14";
				CLANG_CXX_LIBRARY = "libc++";
				CLANG_ENABLE_MODULES = YES;
				CLANG_ENABLE_OBJC_ARC = YES;
				CLANG_ENABLE_OBJC_WEAK = YES;
				CLANG_WARN_BLOCK_CAPTURE_AUTORELEASING = YES;
				CLANG_WARN_BOOL_CONVERSION = YES;
				CLANG_WARN_COMMA = YES;
				CLANG_WARN_CONSTANT_CONVERSION = YES;
				CLANG_WARN_DEPRECATED_OBJC_IMPLEMENTATIONS = YES;
				CLANG_WARN_DIRECT_OBJC_ISA_USAGE = YES_ERROR;
				CLANG_WARN_DOCUMENTATION_COMMENTS = YES;
				CLANG_WARN_EMPTY_BODY = YES;
				CLANG_WARN_ENUM_CONVERSION = YES;
				CLANG_WARN_INFINITE_RECURSION = YES;
				CLANG_WARN_INT_CONVERSION = YES;
				CLANG_WARN_NON_LITERAL_NULL_CONVERSION = YES;
				CLANG_WARN_OBJC_IMPLICIT_RETAIN_SELF = YES;
				CLANG_WARN_OBJC_LITERAL_CONVERSION = YES;
				CLANG_WARN_OBJC_ROOT_CLASS = YES_ERROR;
				CLANG_WARN_RANGE_LOOP_ANALYSIS = YES;
				CLANG_WARN_STRICT_PROTOTYPES = YES;
				CLANG_WARN_SUSPICIOUS_MOVE = YES;
				CLANG_WARN_UNGUARDED_AVAILABILITY = YES_AGGRESSIVE;
				CLANG_WARN_UNREACHABLE_CODE = YES;
				CLANG_WARN__DUPLICATE_METHOD_MATCH = YES;
				CODE_SIGN_IDENTITY = "iPhone Developer";
				COPY_PHASE_STRIP = NO;
				CURRENT_PROJECT_VERSION = 1;
				DEBUG_INFORMATION_FORMAT = "dwarf-with-dsym";
				ENABLE_NS_ASSERTIONS = NO;
				ENABLE_STRICT_OBJC_MSGSEND = YES;
				GCC_C_LANGUAGE_STANDARD = gnu11;
				GCC_NO_COMMON_BLOCKS = YES;
				GCC_WARN_64_TO_32_BIT_CONVERSION = YES;
				GCC_WARN_ABOUT_RETURN_TYPE = YES_ERROR;
				GCC_WARN_UNDECLARED_SELECTOR = YES;
				GCC_WARN_UNINITIALIZED_AUTOS = YES_AGGRESSIVE;
				GCC_WARN_UNUSED_FUNCTION = YES;
				GCC_WARN_UNUSED_VARIABLE = YES;
				IPHONEOS_DEPLOYMENT_TARGET = 11.3;
				MTL_ENABLE_DEBUG_INFO = NO;
				SDKROOT = iphoneos;
				SWIFT_COMPILATION_MODE = wholemodule;
				SWIFT_OPTIMIZATION_LEVEL = "-O";
				VALIDATE_PRODUCT = YES;
				VERSIONING_SYSTEM = "apple-generic";
				VERSION_INFO_PREFIX = "";
			};
			name = Release;
		};
		151640FF20BD7A8C0062FA33 /* Debug */ = {
			isa = XCBuildConfiguration;
			buildSettings = {
				CODE_SIGN_IDENTITY = "";
				CODE_SIGN_STYLE = Automatic;
				DEFINES_MODULE = YES;
				DYLIB_COMPATIBILITY_VERSION = 1;
				DYLIB_CURRENT_VERSION = 1;
				DYLIB_INSTALL_NAME_BASE = "@rpath";
				INFOPLIST_FILE = TheGrid/Info.plist;
				INSTALL_PATH = "$(LOCAL_LIBRARY_DIR)/Frameworks";
				LD_RUNPATH_SEARCH_PATHS = (
					"$(inherited)",
					"@executable_path/Frameworks",
					"@loader_path/Frameworks",
				);
				PRODUCT_BUNDLE_IDENTIFIER = io.liveui.TheGrid;
				PRODUCT_NAME = "$(TARGET_NAME:c99extidentifier)";
				SKIP_INSTALL = YES;
				SWIFT_VERSION = 4.0;
				TARGETED_DEVICE_FAMILY = "1,2";
			};
			name = Debug;
		};
		1516410020BD7A8C0062FA33 /* Release */ = {
			isa = XCBuildConfiguration;
			buildSettings = {
				CODE_SIGN_IDENTITY = "";
				CODE_SIGN_STYLE = Automatic;
				DEFINES_MODULE = YES;
				DYLIB_COMPATIBILITY_VERSION = 1;
				DYLIB_CURRENT_VERSION = 1;
				DYLIB_INSTALL_NAME_BASE = "@rpath";
				INFOPLIST_FILE = TheGrid/Info.plist;
				INSTALL_PATH = "$(LOCAL_LIBRARY_DIR)/Frameworks";
				LD_RUNPATH_SEARCH_PATHS = (
					"$(inherited)",
					"@executable_path/Frameworks",
					"@loader_path/Frameworks",
				);
				PRODUCT_BUNDLE_IDENTIFIER = io.liveui.TheGrid;
				PRODUCT_NAME = "$(TARGET_NAME:c99extidentifier)";
				SKIP_INSTALL = YES;
				SWIFT_VERSION = 4.0;
				TARGETED_DEVICE_FAMILY = "1,2";
			};
			name = Release;
		};
		1516410220BD7A8C0062FA33 /* Debug */ = {
			isa = XCBuildConfiguration;
			buildSettings = {
				CODE_SIGN_STYLE = Automatic;
				INFOPLIST_FILE = TheGridTests/Info.plist;
				LD_RUNPATH_SEARCH_PATHS = (
					"$(inherited)",
					"@executable_path/Frameworks",
					"@loader_path/Frameworks",
				);
				PRODUCT_BUNDLE_IDENTIFIER = io.liveui.TheGridTests;
				PRODUCT_NAME = "$(TARGET_NAME)";
				SWIFT_VERSION = 4.0;
				TARGETED_DEVICE_FAMILY = "1,2";
			};
			name = Debug;
		};
		1516410320BD7A8C0062FA33 /* Release */ = {
			isa = XCBuildConfiguration;
			buildSettings = {
				CODE_SIGN_STYLE = Automatic;
				INFOPLIST_FILE = TheGridTests/Info.plist;
				LD_RUNPATH_SEARCH_PATHS = (
					"$(inherited)",
					"@executable_path/Frameworks",
					"@loader_path/Frameworks",
				);
				PRODUCT_BUNDLE_IDENTIFIER = io.liveui.TheGridTests;
				PRODUCT_NAME = "$(TARGET_NAME)";
				SWIFT_VERSION = 4.0;
				TARGETED_DEVICE_FAMILY = "1,2";
			};
			name = Release;
		};
/* End XCBuildConfiguration section */

/* Begin XCConfigurationList section */
		151640E420BD7A8C0062FA33 /* Build configuration list for PBXProject "TheGrid" */ = {
			isa = XCConfigurationList;
			buildConfigurations = (
				151640FC20BD7A8C0062FA33 /* Debug */,
				151640FD20BD7A8C0062FA33 /* Release */,
			);
			defaultConfigurationIsVisible = 0;
			defaultConfigurationName = Release;
		};
		151640FE20BD7A8C0062FA33 /* Build configuration list for PBXNativeTarget "TheGrid" */ = {
			isa = XCConfigurationList;
			buildConfigurations = (
				151640FF20BD7A8C0062FA33 /* Debug */,
				1516410020BD7A8C0062FA33 /* Release */,
			);
			defaultConfigurationIsVisible = 0;
			defaultConfigurationName = Release;
		};
		1516410120BD7A8C0062FA33 /* Build configuration list for PBXNativeTarget "TheGridTests" */ = {
			isa = XCConfigurationList;
			buildConfigurations = (
				1516410220BD7A8C0062FA33 /* Debug */,
				1516410320BD7A8C0062FA33 /* Release */,
			);
			defaultConfigurationIsVisible = 0;
			defaultConfigurationName = Release;
		};
/* End XCConfigurationList section */
	};
	rootObject = 151640E120BD7A8C0062FA33 /* Project object */;
}
