// !$*UTF8*$!
{
	archiveVersion = 1;
	classes = {
	};
	objectVersion = 50;
	objects = {

/* Begin PBXBuildFile section */
		15020A9B20C0A46700BBADBD /* Hagrid.framework in Embed Frameworks */ = {isa = PBXBuildFile; fileRef = 151640EA20BD7A8C0062FA33 /* Hagrid.framework */; settings = {ATTRIBUTES = (CodeSignOnCopy, RemoveHeadersOnCopy, ); }; };
		15020A9C20C0A46A00BBADBD /* Hagrid.framework in Frameworks */ = {isa = PBXBuildFile; fileRef = 151640EA20BD7A8C0062FA33 /* Hagrid.framework */; };
		15020A9E20C0A5A200BBADBD /* Hagrid.podspec in Resources */ = {isa = PBXBuildFile; fileRef = 15020A9D20C0A5A200BBADBD /* Hagrid.podspec */; };
		15020AA820C0A65200BBADBD /* Hagrid_appleTV.h in Headers */ = {isa = PBXBuildFile; fileRef = 15020AA620C0A65200BBADBD /* Hagrid_appleTV.h */; settings = {ATTRIBUTES = (Public, ); }; };
		15020AAC20C0A6B500BBADBD /* GridViewInterface.swift in Sources */ = {isa = PBXBuildFile; fileRef = 153F9D8720C028750051D0D3 /* GridViewInterface.swift */; };
		15020AAD20C0A6B500BBADBD /* ScrollViewForwarder.swift in Sources */ = {isa = PBXBuildFile; fileRef = 153F9D8D20C03A6C0051D0D3 /* ScrollViewForwarder.swift */; };
		15020AAE20C0A6B500BBADBD /* GridView.swift in Sources */ = {isa = PBXBuildFile; fileRef = 1516412120BD7D760062FA33 /* GridView.swift */; };
		15020AAF20C0A6B500BBADBD /* GridScrollView.swift in Sources */ = {isa = PBXBuildFile; fileRef = 153F9D8420C027B70051D0D3 /* GridScrollView.swift */; };
		15020AB020C0A6B500BBADBD /* GridScrollViewController.swift in Sources */ = {isa = PBXBuildFile; fileRef = 153F9D8220C023610051D0D3 /* GridScrollViewController.swift */; };
		15020AB120C0A6B500BBADBD /* GridViewController.swift in Sources */ = {isa = PBXBuildFile; fileRef = 153F9D7420BE02D70051D0D3 /* GridViewController.swift */; };
		15020AB220C0A6B500BBADBD /* UIColor+Tools.swift in Sources */ = {isa = PBXBuildFile; fileRef = 15D00E7920BDB8C20051A8CF /* UIColor+Tools.swift */; };
		15020AB320C0A6B500BBADBD /* GridView+Drawing.swift in Sources */ = {isa = PBXBuildFile; fileRef = 15D00E7B20BDBE8A0051A8CF /* GridView+Drawing.swift */; };
		15020AB420C0A6B500BBADBD /* GridView+Calculations.swift in Sources */ = {isa = PBXBuildFile; fileRef = 15D00E7D20BDBECF0051A8CF /* GridView+Calculations.swift */; };
		15020AB520C0A6B500BBADBD /* GridView+Subviews.swift in Sources */ = {isa = PBXBuildFile; fileRef = 15D00E8520BDC84A0051A8CF /* GridView+Subviews.swift */; };
		15020AB620C0A6B500BBADBD /* GridSrollView+Subviews.swift in Sources */ = {isa = PBXBuildFile; fileRef = 153F9D8920C02B440051D0D3 /* GridSrollView+Subviews.swift */; };
		15020AB720C0A6B500BBADBD /* GridView+Layout.swift in Sources */ = {isa = PBXBuildFile; fileRef = 15D00E9420BDDE280051A8CF /* GridView+Layout.swift */; };
		15020AB820C0A6B500BBADBD /* Vertical.swift in Sources */ = {isa = PBXBuildFile; fileRef = 153F9D7620BE1ACE0051D0D3 /* Vertical.swift */; };
		15020AB920C0A6B500BBADBD /* Position.swift in Sources */ = {isa = PBXBuildFile; fileRef = 15D00E8020BDC3B80051A8CF /* Position.swift */; };
		15020ABA20C0A6B500BBADBD /* Padding.swift in Sources */ = {isa = PBXBuildFile; fileRef = 15D00E8E20BDD0690051A8CF /* Padding.swift */; };
		15020ABB20C0A6B500BBADBD /* Properties.swift in Sources */ = {isa = PBXBuildFile; fileRef = 15D00E9020BDD1930051A8CF /* Properties.swift */; };
		15020ABC20C0A6B500BBADBD /* Subview.swift in Sources */ = {isa = PBXBuildFile; fileRef = 15D00E9220BDD2250051A8CF /* Subview.swift */; };
		15020AC820C0A9A300BBADBD /* Hagrid_macOS.h in Headers */ = {isa = PBXBuildFile; fileRef = 15020AC620C0A9A300BBADBD /* Hagrid_macOS.h */; settings = {ATTRIBUTES = (Public, ); }; };
		15020ACD20C0A9F800BBADBD /* Properties.swift in Sources */ = {isa = PBXBuildFile; fileRef = 15D00E9020BDD1930051A8CF /* Properties.swift */; };
		15020ACE20C0A9F800BBADBD /* Subview.swift in Sources */ = {isa = PBXBuildFile; fileRef = 15D00E9220BDD2250051A8CF /* Subview.swift */; };
		15020AD020C0AA8100BBADBD /* Compatibility.swift in Sources */ = {isa = PBXBuildFile; fileRef = 15020ACF20C0AA8100BBADBD /* Compatibility.swift */; };
		15020AD120C0AA8100BBADBD /* Compatibility.swift in Sources */ = {isa = PBXBuildFile; fileRef = 15020ACF20C0AA8100BBADBD /* Compatibility.swift */; };
		15020AD220C0AA8100BBADBD /* Compatibility.swift in Sources */ = {isa = PBXBuildFile; fileRef = 15020ACF20C0AA8100BBADBD /* Compatibility.swift */; };
		15020AD320C0AB7500BBADBD /* Vertical.swift in Sources */ = {isa = PBXBuildFile; fileRef = 153F9D7620BE1ACE0051D0D3 /* Vertical.swift */; };
		15020AD420C0AB7500BBADBD /* Position.swift in Sources */ = {isa = PBXBuildFile; fileRef = 15D00E8020BDC3B80051A8CF /* Position.swift */; };
		15020AD520C0AB7500BBADBD /* Padding.swift in Sources */ = {isa = PBXBuildFile; fileRef = 15D00E8E20BDD0690051A8CF /* Padding.swift */; };
		15020AD620C0AC8D00BBADBD /* GridView+Calculations.swift in Sources */ = {isa = PBXBuildFile; fileRef = 15D00E7D20BDBECF0051A8CF /* GridView+Calculations.swift */; };
		15020AD720C0AC8D00BBADBD /* GridView+Subviews.swift in Sources */ = {isa = PBXBuildFile; fileRef = 15D00E8520BDC84A0051A8CF /* GridView+Subviews.swift */; };
		15020AD920C0AC8D00BBADBD /* GridView+Layout.swift in Sources */ = {isa = PBXBuildFile; fileRef = 15D00E9420BDDE280051A8CF /* GridView+Layout.swift */; };
		15020ADA20C0AC9F00BBADBD /* GridView.swift in Sources */ = {isa = PBXBuildFile; fileRef = 1516412120BD7D760062FA33 /* GridView.swift */; };
		15020ADB20C0ACAD00BBADBD /* GridViewInterface.swift in Sources */ = {isa = PBXBuildFile; fileRef = 153F9D8720C028750051D0D3 /* GridViewInterface.swift */; };
		15020ADD20C0AF7000BBADBD /* Cartfile in Resources */ = {isa = PBXBuildFile; fileRef = 15020ADC20C0AF6F00BBADBD /* Cartfile */; };
		15020ADE20C0AF7000BBADBD /* Cartfile in Resources */ = {isa = PBXBuildFile; fileRef = 15020ADC20C0AF6F00BBADBD /* Cartfile */; };
		15020ADF20C0AF7000BBADBD /* Cartfile in Resources */ = {isa = PBXBuildFile; fileRef = 15020ADC20C0AF6F00BBADBD /* Cartfile */; };
		15020AE020C0BF6700BBADBD /* GridView+Drawing.swift in Sources */ = {isa = PBXBuildFile; fileRef = 15D00E7B20BDBE8A0051A8CF /* GridView+Drawing.swift */; };
		15020AE120C0BF6B00BBADBD /* UIColor+Tools.swift in Sources */ = {isa = PBXBuildFile; fileRef = 15D00E7920BDB8C20051A8CF /* UIColor+Tools.swift */; };
		15020AE220C0BF9A00BBADBD /* ScrollViewForwarder.swift in Sources */ = {isa = PBXBuildFile; fileRef = 153F9D8D20C03A6C0051D0D3 /* ScrollViewForwarder.swift */; };
		15020AE320C0BFAC00BBADBD /* GridScrollView.swift in Sources */ = {isa = PBXBuildFile; fileRef = 153F9D8420C027B70051D0D3 /* GridScrollView.swift */; };
		15020AE420C0BFB800BBADBD /* GridScrollViewController.swift in Sources */ = {isa = PBXBuildFile; fileRef = 153F9D8220C023610051D0D3 /* GridScrollViewController.swift */; };
		15020AE520C0BFEA00BBADBD /* GridViewController.swift in Sources */ = {isa = PBXBuildFile; fileRef = 153F9D7420BE02D70051D0D3 /* GridViewController.swift */; };
		15020AE620C0BFEA00BBADBD /* GridSrollView+Subviews.swift in Sources */ = {isa = PBXBuildFile; fileRef = 153F9D8920C02B440051D0D3 /* GridSrollView+Subviews.swift */; };
		151640FB20BD7A8C0062FA33 /* TheGrid.h in Headers */ = {isa = PBXBuildFile; fileRef = 151640ED20BD7A8C0062FA33 /* TheGrid.h */; settings = {ATTRIBUTES = (Public, ); }; };
		1516411020BD7B740062FA33 /* AppDelegate.swift in Sources */ = {isa = PBXBuildFile; fileRef = 1516410F20BD7B740062FA33 /* AppDelegate.swift */; };
		1516411220BD7B740062FA33 /* ViewController.swift in Sources */ = {isa = PBXBuildFile; fileRef = 1516411120BD7B740062FA33 /* ViewController.swift */; };
		1516411720BD7B750062FA33 /* Assets.xcassets in Resources */ = {isa = PBXBuildFile; fileRef = 1516411620BD7B750062FA33 /* Assets.xcassets */; };
		1516411A20BD7B750062FA33 /* LaunchScreen.storyboard in Resources */ = {isa = PBXBuildFile; fileRef = 1516411820BD7B750062FA33 /* LaunchScreen.storyboard */; };
		1516412220BD7D760062FA33 /* GridView.swift in Sources */ = {isa = PBXBuildFile; fileRef = 1516412120BD7D760062FA33 /* GridView.swift */; };
		153F9D7520BE02D70051D0D3 /* GridViewController.swift in Sources */ = {isa = PBXBuildFile; fileRef = 153F9D7420BE02D70051D0D3 /* GridViewController.swift */; };
		153F9D7720BE1ACE0051D0D3 /* Vertical.swift in Sources */ = {isa = PBXBuildFile; fileRef = 153F9D7620BE1ACE0051D0D3 /* Vertical.swift */; };
		153F9D8320C023610051D0D3 /* GridScrollViewController.swift in Sources */ = {isa = PBXBuildFile; fileRef = 153F9D8220C023610051D0D3 /* GridScrollViewController.swift */; };
		153F9D8520C027B70051D0D3 /* GridScrollView.swift in Sources */ = {isa = PBXBuildFile; fileRef = 153F9D8420C027B70051D0D3 /* GridScrollView.swift */; };
		153F9D8820C028750051D0D3 /* GridViewInterface.swift in Sources */ = {isa = PBXBuildFile; fileRef = 153F9D8720C028750051D0D3 /* GridViewInterface.swift */; };
		153F9D8A20C02B440051D0D3 /* GridSrollView+Subviews.swift in Sources */ = {isa = PBXBuildFile; fileRef = 153F9D8920C02B440051D0D3 /* GridSrollView+Subviews.swift */; };
		153F9D8E20C03A6C0051D0D3 /* ScrollViewForwarder.swift in Sources */ = {isa = PBXBuildFile; fileRef = 153F9D8D20C03A6C0051D0D3 /* ScrollViewForwarder.swift */; };
		15D00E7A20BDB8C20051A8CF /* UIColor+Tools.swift in Sources */ = {isa = PBXBuildFile; fileRef = 15D00E7920BDB8C20051A8CF /* UIColor+Tools.swift */; };
		15D00E7C20BDBE8A0051A8CF /* GridView+Drawing.swift in Sources */ = {isa = PBXBuildFile; fileRef = 15D00E7B20BDBE8A0051A8CF /* GridView+Drawing.swift */; };
		15D00E7E20BDBECF0051A8CF /* GridView+Calculations.swift in Sources */ = {isa = PBXBuildFile; fileRef = 15D00E7D20BDBECF0051A8CF /* GridView+Calculations.swift */; };
		15D00E8120BDC3B80051A8CF /* Position.swift in Sources */ = {isa = PBXBuildFile; fileRef = 15D00E8020BDC3B80051A8CF /* Position.swift */; };
		15D00E8420BDC49F0051A8CF /* UIColor+Tools.swift in Sources */ = {isa = PBXBuildFile; fileRef = 15D00E8320BDC49F0051A8CF /* UIColor+Tools.swift */; };
		15D00E8620BDC84A0051A8CF /* GridView+Subviews.swift in Sources */ = {isa = PBXBuildFile; fileRef = 15D00E8520BDC84A0051A8CF /* GridView+Subviews.swift */; };
		15D00E8F20BDD0690051A8CF /* Padding.swift in Sources */ = {isa = PBXBuildFile; fileRef = 15D00E8E20BDD0690051A8CF /* Padding.swift */; };
		15D00E9120BDD1930051A8CF /* Properties.swift in Sources */ = {isa = PBXBuildFile; fileRef = 15D00E9020BDD1930051A8CF /* Properties.swift */; };
		15D00E9320BDD2250051A8CF /* Subview.swift in Sources */ = {isa = PBXBuildFile; fileRef = 15D00E9220BDD2250051A8CF /* Subview.swift */; };
		15D00E9520BDDE280051A8CF /* GridView+Layout.swift in Sources */ = {isa = PBXBuildFile; fileRef = 15D00E9420BDDE280051A8CF /* GridView+Layout.swift */; };
		3C90ACB540437EA7A4A8F593 /* Pods_Hagrid_tvOS.framework in Frameworks */ = {isa = PBXBuildFile; fileRef = BB4248513ADBF0F843A9588C /* Pods_Hagrid_tvOS.framework */; };
		BAC12D08CE1D3FD77B866AA6 /* Pods_Hagrid_Demo.framework in Frameworks */ = {isa = PBXBuildFile; fileRef = 4D7AB17DD8C832613ACD8B16 /* Pods_Hagrid_Demo.framework */; };
		C4590549B6C522B067ADD83E /* Pods_Hagrid_iOS.framework in Frameworks */ = {isa = PBXBuildFile; fileRef = F71143FA7D55E9607C58F4C6 /* Pods_Hagrid_iOS.framework */; };
		EFCAD873A9F0C77A7FE10E25 /* Pods_Hagrid_macOS.framework in Frameworks */ = {isa = PBXBuildFile; fileRef = D4E973DF88701F9CE6B97523 /* Pods_Hagrid_macOS.framework */; };
/* End PBXBuildFile section */

/* Begin PBXContainerItemProxy section */
		153F9D9120C08E470051D0D3 /* PBXContainerItemProxy */ = {
			isa = PBXContainerItemProxy;
			containerPortal = 151640E120BD7A8C0062FA33 /* Project object */;
			proxyType = 1;
			remoteGlobalIDString = 151640E920BD7A8C0062FA33;
			remoteInfo = TheGrid;
		};
/* End PBXContainerItemProxy section */

/* Begin PBXCopyFilesBuildPhase section */
		153F9D9320C08E470051D0D3 /* Embed Frameworks */ = {
			isa = PBXCopyFilesBuildPhase;
			buildActionMask = 2147483647;
			dstPath = "";
			dstSubfolderSpec = 10;
			files = (
				15020A9B20C0A46700BBADBD /* Hagrid.framework in Embed Frameworks */,
			);
			name = "Embed Frameworks";
			runOnlyForDeploymentPostprocessing = 0;
		};
/* End PBXCopyFilesBuildPhase section */

/* Begin PBXFileReference section */
		114CEE34C270FDE36133C125 /* Pods_TheGrid.framework */ = {isa = PBXFileReference; explicitFileType = wrapper.framework; includeInIndex = 0; path = Pods_TheGrid.framework; sourceTree = BUILT_PRODUCTS_DIR; };
		15020A9D20C0A5A200BBADBD /* Hagrid.podspec */ = {isa = PBXFileReference; fileEncoding = 4; lastKnownFileType = text; path = Hagrid.podspec; sourceTree = "<group>"; };
		15020AA420C0A65200BBADBD /* Hagrid.framework */ = {isa = PBXFileReference; explicitFileType = wrapper.framework; includeInIndex = 0; path = Hagrid.framework; sourceTree = BUILT_PRODUCTS_DIR; };
		15020AA620C0A65200BBADBD /* Hagrid_appleTV.h */ = {isa = PBXFileReference; lastKnownFileType = sourcecode.c.h; path = Hagrid_appleTV.h; sourceTree = "<group>"; };
		15020AA720C0A65200BBADBD /* Info.plist */ = {isa = PBXFileReference; lastKnownFileType = text.plist.xml; path = Info.plist; sourceTree = "<group>"; };
		15020AC420C0A9A300BBADBD /* Hagrid.framework */ = {isa = PBXFileReference; explicitFileType = wrapper.framework; includeInIndex = 0; path = Hagrid.framework; sourceTree = BUILT_PRODUCTS_DIR; };
		15020AC620C0A9A300BBADBD /* Hagrid_macOS.h */ = {isa = PBXFileReference; lastKnownFileType = sourcecode.c.h; path = Hagrid_macOS.h; sourceTree = "<group>"; };
		15020AC720C0A9A300BBADBD /* Info.plist */ = {isa = PBXFileReference; lastKnownFileType = text.plist.xml; path = Info.plist; sourceTree = "<group>"; };
		15020ACF20C0AA8100BBADBD /* Compatibility.swift */ = {isa = PBXFileReference; lastKnownFileType = sourcecode.swift; path = Compatibility.swift; sourceTree = "<group>"; };
		15020ADC20C0AF6F00BBADBD /* Cartfile */ = {isa = PBXFileReference; fileEncoding = 4; lastKnownFileType = text; path = Cartfile; sourceTree = "<group>"; };
		151640EA20BD7A8C0062FA33 /* Hagrid.framework */ = {isa = PBXFileReference; explicitFileType = wrapper.framework; includeInIndex = 0; path = Hagrid.framework; sourceTree = BUILT_PRODUCTS_DIR; };
		151640ED20BD7A8C0062FA33 /* TheGrid.h */ = {isa = PBXFileReference; lastKnownFileType = sourcecode.c.h; path = TheGrid.h; sourceTree = "<group>"; };
		151640EE20BD7A8C0062FA33 /* Info.plist */ = {isa = PBXFileReference; lastKnownFileType = text.plist.xml; path = Info.plist; sourceTree = "<group>"; };
		1516410D20BD7B740062FA33 /* Hagrid-Demo.app */ = {isa = PBXFileReference; explicitFileType = wrapper.application; includeInIndex = 0; path = "Hagrid-Demo.app"; sourceTree = BUILT_PRODUCTS_DIR; };
		1516410F20BD7B740062FA33 /* AppDelegate.swift */ = {isa = PBXFileReference; lastKnownFileType = sourcecode.swift; path = AppDelegate.swift; sourceTree = "<group>"; };
		1516411120BD7B740062FA33 /* ViewController.swift */ = {isa = PBXFileReference; lastKnownFileType = sourcecode.swift; path = ViewController.swift; sourceTree = "<group>"; };
		1516411620BD7B750062FA33 /* Assets.xcassets */ = {isa = PBXFileReference; lastKnownFileType = folder.assetcatalog; path = Assets.xcassets; sourceTree = "<group>"; };
		1516411920BD7B750062FA33 /* Base */ = {isa = PBXFileReference; lastKnownFileType = file.storyboard; name = Base; path = Base.lproj/LaunchScreen.storyboard; sourceTree = "<group>"; };
		1516411B20BD7B750062FA33 /* Info.plist */ = {isa = PBXFileReference; lastKnownFileType = text.plist.xml; path = Info.plist; sourceTree = "<group>"; };
		1516412120BD7D760062FA33 /* GridView.swift */ = {isa = PBXFileReference; lastKnownFileType = sourcecode.swift; path = GridView.swift; sourceTree = "<group>"; };
		153F9D7420BE02D70051D0D3 /* GridViewController.swift */ = {isa = PBXFileReference; lastKnownFileType = sourcecode.swift; path = GridViewController.swift; sourceTree = "<group>"; };
		153F9D7620BE1ACE0051D0D3 /* Vertical.swift */ = {isa = PBXFileReference; lastKnownFileType = sourcecode.swift; path = Vertical.swift; sourceTree = "<group>"; };
		153F9D7920BE22F00051D0D3 /* README.md */ = {isa = PBXFileReference; lastKnownFileType = net.daringfireball.markdown; path = README.md; sourceTree = "<group>"; };
		153F9D7A20BE22F00051D0D3 /* Podfile.lock */ = {isa = PBXFileReference; lastKnownFileType = text; path = Podfile.lock; sourceTree = "<group>"; };
		153F9D7B20BE22F00051D0D3 /* LICENSE */ = {isa = PBXFileReference; lastKnownFileType = text; path = LICENSE; sourceTree = "<group>"; };
		153F9D7C20BE22F00051D0D3 /* Podfile */ = {isa = PBXFileReference; lastKnownFileType = text; path = Podfile; sourceTree = "<group>"; xcLanguageSpecificationIdentifier = xcode.lang.ruby; };
		153F9D7D20BE2AEA0051D0D3 /* Other */ = {isa = PBXFileReference; lastKnownFileType = folder; path = Other; sourceTree = "<group>"; };
		153F9D8220C023610051D0D3 /* GridScrollViewController.swift */ = {isa = PBXFileReference; lastKnownFileType = sourcecode.swift; path = GridScrollViewController.swift; sourceTree = "<group>"; };
		153F9D8420C027B70051D0D3 /* GridScrollView.swift */ = {isa = PBXFileReference; lastKnownFileType = sourcecode.swift; path = GridScrollView.swift; sourceTree = "<group>"; };
		153F9D8720C028750051D0D3 /* GridViewInterface.swift */ = {isa = PBXFileReference; lastKnownFileType = sourcecode.swift; path = GridViewInterface.swift; sourceTree = "<group>"; };
		153F9D8920C02B440051D0D3 /* GridSrollView+Subviews.swift */ = {isa = PBXFileReference; lastKnownFileType = sourcecode.swift; path = "GridSrollView+Subviews.swift"; sourceTree = "<group>"; };
		153F9D8D20C03A6C0051D0D3 /* ScrollViewForwarder.swift */ = {isa = PBXFileReference; lastKnownFileType = sourcecode.swift; path = ScrollViewForwarder.swift; sourceTree = "<group>"; };
		15D00E7920BDB8C20051A8CF /* UIColor+Tools.swift */ = {isa = PBXFileReference; lastKnownFileType = sourcecode.swift; path = "UIColor+Tools.swift"; sourceTree = "<group>"; };
		15D00E7B20BDBE8A0051A8CF /* GridView+Drawing.swift */ = {isa = PBXFileReference; lastKnownFileType = sourcecode.swift; path = "GridView+Drawing.swift"; sourceTree = "<group>"; };
		15D00E7D20BDBECF0051A8CF /* GridView+Calculations.swift */ = {isa = PBXFileReference; lastKnownFileType = sourcecode.swift; path = "GridView+Calculations.swift"; sourceTree = "<group>"; };
		15D00E8020BDC3B80051A8CF /* Position.swift */ = {isa = PBXFileReference; lastKnownFileType = sourcecode.swift; path = Position.swift; sourceTree = "<group>"; };
		15D00E8320BDC49F0051A8CF /* UIColor+Tools.swift */ = {isa = PBXFileReference; lastKnownFileType = sourcecode.swift; path = "UIColor+Tools.swift"; sourceTree = "<group>"; };
		15D00E8520BDC84A0051A8CF /* GridView+Subviews.swift */ = {isa = PBXFileReference; lastKnownFileType = sourcecode.swift; path = "GridView+Subviews.swift"; sourceTree = "<group>"; };
		15D00E8E20BDD0690051A8CF /* Padding.swift */ = {isa = PBXFileReference; lastKnownFileType = sourcecode.swift; path = Padding.swift; sourceTree = "<group>"; };
		15D00E9020BDD1930051A8CF /* Properties.swift */ = {isa = PBXFileReference; lastKnownFileType = sourcecode.swift; path = Properties.swift; sourceTree = "<group>"; };
		15D00E9220BDD2250051A8CF /* Subview.swift */ = {isa = PBXFileReference; lastKnownFileType = sourcecode.swift; path = Subview.swift; sourceTree = "<group>"; };
		15D00E9420BDDE280051A8CF /* GridView+Layout.swift */ = {isa = PBXFileReference; lastKnownFileType = sourcecode.swift; path = "GridView+Layout.swift"; sourceTree = "<group>"; };
		3CB21749E899116D43348A5B /* Pods-TheGrid.debug.xcconfig */ = {isa = PBXFileReference; includeInIndex = 1; lastKnownFileType = text.xcconfig; name = "Pods-TheGrid.debug.xcconfig"; path = "Pods/Target Support Files/Pods-TheGrid/Pods-TheGrid.debug.xcconfig"; sourceTree = "<group>"; };
		4A3632002708C4117FD2E160 /* Pods-Hagrid.debug.xcconfig */ = {isa = PBXFileReference; includeInIndex = 1; lastKnownFileType = text.xcconfig; name = "Pods-Hagrid.debug.xcconfig"; path = "Pods/Target Support Files/Pods-Hagrid/Pods-Hagrid.debug.xcconfig"; sourceTree = "<group>"; };
		4D7AB17DD8C832613ACD8B16 /* Pods_Hagrid_Demo.framework */ = {isa = PBXFileReference; explicitFileType = wrapper.framework; includeInIndex = 0; path = Pods_Hagrid_Demo.framework; sourceTree = BUILT_PRODUCTS_DIR; };
		69E2FBC6F4687B54A0C44152 /* Pods-Hagrid-iOS.release.xcconfig */ = {isa = PBXFileReference; includeInIndex = 1; lastKnownFileType = text.xcconfig; name = "Pods-Hagrid-iOS.release.xcconfig"; path = "Pods/Target Support Files/Pods-Hagrid-iOS/Pods-Hagrid-iOS.release.xcconfig"; sourceTree = "<group>"; };
		6BDDE19FA3AA6C9956FC29F8 /* Pods-Hagrid-iOS.debug.xcconfig */ = {isa = PBXFileReference; includeInIndex = 1; lastKnownFileType = text.xcconfig; name = "Pods-Hagrid-iOS.debug.xcconfig"; path = "Pods/Target Support Files/Pods-Hagrid-iOS/Pods-Hagrid-iOS.debug.xcconfig"; sourceTree = "<group>"; };
		88511D80AFA68B04A9940FDE /* Pods-Hagrid-tvOS.debug.xcconfig */ = {isa = PBXFileReference; includeInIndex = 1; lastKnownFileType = text.xcconfig; name = "Pods-Hagrid-tvOS.debug.xcconfig"; path = "Pods/Target Support Files/Pods-Hagrid-tvOS/Pods-Hagrid-tvOS.debug.xcconfig"; sourceTree = "<group>"; };
		BB4248513ADBF0F843A9588C /* Pods_Hagrid_tvOS.framework */ = {isa = PBXFileReference; explicitFileType = wrapper.framework; includeInIndex = 0; path = Pods_Hagrid_tvOS.framework; sourceTree = BUILT_PRODUCTS_DIR; };
		BBCCC4FB790DBCD69D43EC1E /* Pods_Hagrid.framework */ = {isa = PBXFileReference; explicitFileType = wrapper.framework; includeInIndex = 0; path = Pods_Hagrid.framework; sourceTree = BUILT_PRODUCTS_DIR; };
		C242ACA85C259DC0AFADA102 /* Pods-Hagrid-Demo.debug.xcconfig */ = {isa = PBXFileReference; includeInIndex = 1; lastKnownFileType = text.xcconfig; name = "Pods-Hagrid-Demo.debug.xcconfig"; path = "Pods/Target Support Files/Pods-Hagrid-Demo/Pods-Hagrid-Demo.debug.xcconfig"; sourceTree = "<group>"; };
		C6BBCC95665D6D0A9AD40A40 /* Pods-Hagrid-macOS.release.xcconfig */ = {isa = PBXFileReference; includeInIndex = 1; lastKnownFileType = text.xcconfig; name = "Pods-Hagrid-macOS.release.xcconfig"; path = "Pods/Target Support Files/Pods-Hagrid-macOS/Pods-Hagrid-macOS.release.xcconfig"; sourceTree = "<group>"; };
		D18E01931BD7CDB4C6680694 /* Pods-Hagrid.release.xcconfig */ = {isa = PBXFileReference; includeInIndex = 1; lastKnownFileType = text.xcconfig; name = "Pods-Hagrid.release.xcconfig"; path = "Pods/Target Support Files/Pods-Hagrid/Pods-Hagrid.release.xcconfig"; sourceTree = "<group>"; };
		D3E73270D6C628A61AC35C7D /* Pods-Hagrid-Demo.release.xcconfig */ = {isa = PBXFileReference; includeInIndex = 1; lastKnownFileType = text.xcconfig; name = "Pods-Hagrid-Demo.release.xcconfig"; path = "Pods/Target Support Files/Pods-Hagrid-Demo/Pods-Hagrid-Demo.release.xcconfig"; sourceTree = "<group>"; };
		D4E973DF88701F9CE6B97523 /* Pods_Hagrid_macOS.framework */ = {isa = PBXFileReference; explicitFileType = wrapper.framework; includeInIndex = 0; path = Pods_Hagrid_macOS.framework; sourceTree = BUILT_PRODUCTS_DIR; };
		DF7847A38AF1993933259644 /* Pods-Hagrid-tvOS.release.xcconfig */ = {isa = PBXFileReference; includeInIndex = 1; lastKnownFileType = text.xcconfig; name = "Pods-Hagrid-tvOS.release.xcconfig"; path = "Pods/Target Support Files/Pods-Hagrid-tvOS/Pods-Hagrid-tvOS.release.xcconfig"; sourceTree = "<group>"; };
		E0A3C8BC6F94CC51804EB9DB /* Pods-TheGrid.release.xcconfig */ = {isa = PBXFileReference; includeInIndex = 1; lastKnownFileType = text.xcconfig; name = "Pods-TheGrid.release.xcconfig"; path = "Pods/Target Support Files/Pods-TheGrid/Pods-TheGrid.release.xcconfig"; sourceTree = "<group>"; };
		ED992AF2789CCD5AF016E590 /* Pods-Hagrid-macOS.debug.xcconfig */ = {isa = PBXFileReference; includeInIndex = 1; lastKnownFileType = text.xcconfig; name = "Pods-Hagrid-macOS.debug.xcconfig"; path = "Pods/Target Support Files/Pods-Hagrid-macOS/Pods-Hagrid-macOS.debug.xcconfig"; sourceTree = "<group>"; };
		F71143FA7D55E9607C58F4C6 /* Pods_Hagrid_iOS.framework */ = {isa = PBXFileReference; explicitFileType = wrapper.framework; includeInIndex = 0; path = Pods_Hagrid_iOS.framework; sourceTree = BUILT_PRODUCTS_DIR; };
/* End PBXFileReference section */

/* Begin PBXFrameworksBuildPhase section */
		15020AA020C0A65200BBADBD /* Frameworks */ = {
			isa = PBXFrameworksBuildPhase;
			buildActionMask = 2147483647;
			files = (
				3C90ACB540437EA7A4A8F593 /* Pods_Hagrid_tvOS.framework in Frameworks */,
			);
			runOnlyForDeploymentPostprocessing = 0;
		};
		15020AC020C0A9A300BBADBD /* Frameworks */ = {
			isa = PBXFrameworksBuildPhase;
			buildActionMask = 2147483647;
			files = (
				EFCAD873A9F0C77A7FE10E25 /* Pods_Hagrid_macOS.framework in Frameworks */,
			);
			runOnlyForDeploymentPostprocessing = 0;
		};
		151640E620BD7A8C0062FA33 /* Frameworks */ = {
			isa = PBXFrameworksBuildPhase;
			buildActionMask = 2147483647;
			files = (
				C4590549B6C522B067ADD83E /* Pods_Hagrid_iOS.framework in Frameworks */,
			);
			runOnlyForDeploymentPostprocessing = 0;
		};
		1516410A20BD7B740062FA33 /* Frameworks */ = {
			isa = PBXFrameworksBuildPhase;
			buildActionMask = 2147483647;
			files = (
				BAC12D08CE1D3FD77B866AA6 /* Pods_Hagrid_Demo.framework in Frameworks */,
				15020A9C20C0A46A00BBADBD /* Hagrid.framework in Frameworks */,
			);
			runOnlyForDeploymentPostprocessing = 0;
		};
/* End PBXFrameworksBuildPhase section */

/* Begin PBXGroup section */
		15020AA520C0A65200BBADBD /* Hagrid-tvOS */ = {
			isa = PBXGroup;
			children = (
				15020ABE20C0A71300BBADBD /* Supporting files */,
			);
			path = "Hagrid-tvOS";
			sourceTree = "<group>";
		};
		15020ABE20C0A71300BBADBD /* Supporting files */ = {
			isa = PBXGroup;
			children = (
				15020AA620C0A65200BBADBD /* Hagrid_appleTV.h */,
				15020AA720C0A65200BBADBD /* Info.plist */,
			);
			path = "Supporting files";
			sourceTree = "<group>";
		};
		15020AC520C0A9A300BBADBD /* Hagrid-macOS */ = {
			isa = PBXGroup;
			children = (
				15020ACC20C0A9BE00BBADBD /* Supporting files */,
			);
			path = "Hagrid-macOS";
			sourceTree = "<group>";
		};
		15020ACC20C0A9BE00BBADBD /* Supporting files */ = {
			isa = PBXGroup;
			children = (
				15020AC620C0A9A300BBADBD /* Hagrid_macOS.h */,
				15020AC720C0A9A300BBADBD /* Info.plist */,
			);
			path = "Supporting files";
			sourceTree = "<group>";
		};
		151640E020BD7A8C0062FA33 = {
			isa = PBXGroup;
			children = (
				153F9D7820BE22DF0051D0D3 /* Configs */,
				153F9D9620C0A2070051D0D3 /* Classes */,
				151640EC20BD7A8C0062FA33 /* Hagrid-iOS */,
				15020AA520C0A65200BBADBD /* Hagrid-tvOS */,
				15020AC520C0A9A300BBADBD /* Hagrid-macOS */,
				1516410E20BD7B740062FA33 /* Hagrid Demo */,
				151640EB20BD7A8C0062FA33 /* Products */,
				1516411F20BD7D490062FA33 /* Frameworks */,
				41D83C6D48422F23A3AD3BE9 /* Pods */,
			);
			sourceTree = "<group>";
		};
		151640EB20BD7A8C0062FA33 /* Products */ = {
			isa = PBXGroup;
			children = (
				151640EA20BD7A8C0062FA33 /* Hagrid.framework */,
				1516410D20BD7B740062FA33 /* Hagrid-Demo.app */,
				15020AA420C0A65200BBADBD /* Hagrid.framework */,
				15020AC420C0A9A300BBADBD /* Hagrid.framework */,
			);
			name = Products;
			sourceTree = "<group>";
		};
		151640EC20BD7A8C0062FA33 /* Hagrid-iOS */ = {
			isa = PBXGroup;
			children = (
				1516410420BD7AFF0062FA33 /* Supporting files */,
			);
			path = "Hagrid-iOS";
			sourceTree = "<group>";
		};
		1516410420BD7AFF0062FA33 /* Supporting files */ = {
			isa = PBXGroup;
			children = (
				151640ED20BD7A8C0062FA33 /* TheGrid.h */,
				151640EE20BD7A8C0062FA33 /* Info.plist */,
			);
			path = "Supporting files";
			sourceTree = "<group>";
		};
		1516410520BD7B420062FA33 /* Libs */ = {
			isa = PBXGroup;
			children = (
				15D00E9020BDD1930051A8CF /* Properties.swift */,
				15D00E9220BDD2250051A8CF /* Subview.swift */,
				15020ACF20C0AA8100BBADBD /* Compatibility.swift */,
			);
			path = Libs;
			sourceTree = "<group>";
		};
		1516410620BD7B4A0062FA33 /* Enums */ = {
			isa = PBXGroup;
			children = (
				153F9D7620BE1ACE0051D0D3 /* Vertical.swift */,
				15D00E8020BDC3B80051A8CF /* Position.swift */,
				15D00E8E20BDD0690051A8CF /* Padding.swift */,
			);
			path = Enums;
			sourceTree = "<group>";
		};
		1516410E20BD7B740062FA33 /* Hagrid Demo */ = {
			isa = PBXGroup;
			children = (
				15D00E8220BDC4900051A8CF /* Extensions */,
				1516412420BD818B0062FA33 /* View controllers */,
				1516410F20BD7B740062FA33 /* AppDelegate.swift */,
				1516412320BD81790062FA33 /* Supporting files */,
			);
			path = "Hagrid Demo";
			sourceTree = "<group>";
		};
		1516411F20BD7D490062FA33 /* Frameworks */ = {
			isa = PBXGroup;
			children = (
				BBCCC4FB790DBCD69D43EC1E /* Pods_Hagrid.framework */,
				114CEE34C270FDE36133C125 /* Pods_TheGrid.framework */,
				4D7AB17DD8C832613ACD8B16 /* Pods_Hagrid_Demo.framework */,
				F71143FA7D55E9607C58F4C6 /* Pods_Hagrid_iOS.framework */,
				BB4248513ADBF0F843A9588C /* Pods_Hagrid_tvOS.framework */,
				D4E973DF88701F9CE6B97523 /* Pods_Hagrid_macOS.framework */,
			);
			name = Frameworks;
			sourceTree = "<group>";
		};
		1516412320BD81790062FA33 /* Supporting files */ = {
			isa = PBXGroup;
			children = (
				1516411620BD7B750062FA33 /* Assets.xcassets */,
				1516411820BD7B750062FA33 /* LaunchScreen.storyboard */,
				1516411B20BD7B750062FA33 /* Info.plist */,
			);
			path = "Supporting files";
			sourceTree = "<group>";
		};
		1516412420BD818B0062FA33 /* View controllers */ = {
			isa = PBXGroup;
			children = (
				1516411120BD7B740062FA33 /* ViewController.swift */,
			);
			path = "View controllers";
			sourceTree = "<group>";
		};
		153F9D7320BE02300051D0D3 /* View controllers */ = {
			isa = PBXGroup;
			children = (
				153F9D8220C023610051D0D3 /* GridScrollViewController.swift */,
				153F9D7420BE02D70051D0D3 /* GridViewController.swift */,
			);
			path = "View controllers";
			sourceTree = "<group>";
		};
		153F9D7820BE22DF0051D0D3 /* Configs */ = {
			isa = PBXGroup;
			children = (
				153F9D7920BE22F00051D0D3 /* README.md */,
				15020ADC20C0AF6F00BBADBD /* Cartfile */,
				15020A9D20C0A5A200BBADBD /* Hagrid.podspec */,
				153F9D7C20BE22F00051D0D3 /* Podfile */,
				153F9D7A20BE22F00051D0D3 /* Podfile.lock */,
				153F9D7B20BE22F00051D0D3 /* LICENSE */,
				153F9D7D20BE2AEA0051D0D3 /* Other */,
			);
			name = Configs;
			sourceTree = "<group>";
		};
		153F9D7F20C022F80051D0D3 /* Views */ = {
			isa = PBXGroup;
			children = (
				1516412120BD7D760062FA33 /* GridView.swift */,
				153F9D8420C027B70051D0D3 /* GridScrollView.swift */,
			);
			path = Views;
			sourceTree = "<group>";
		};
		153F9D8620C0285F0051D0D3 /* Protocols */ = {
			isa = PBXGroup;
			children = (
				153F9D8720C028750051D0D3 /* GridViewInterface.swift */,
				153F9D8D20C03A6C0051D0D3 /* ScrollViewForwarder.swift */,
			);
			name = Protocols;
			path = "New Group";
			sourceTree = "<group>";
		};
		153F9D9620C0A2070051D0D3 /* Classes */ = {
			isa = PBXGroup;
			children = (
				153F9D8620C0285F0051D0D3 /* Protocols */,
				153F9D7F20C022F80051D0D3 /* Views */,
				153F9D7320BE02300051D0D3 /* View controllers */,
				15D00E7F20BDC3A50051A8CF /* Extensions */,
				1516410620BD7B4A0062FA33 /* Enums */,
				1516410520BD7B420062FA33 /* Libs */,
			);
			path = Classes;
			sourceTree = "<group>";
		};
		15D00E7F20BDC3A50051A8CF /* Extensions */ = {
			isa = PBXGroup;
			children = (
				15D00E7920BDB8C20051A8CF /* UIColor+Tools.swift */,
				15D00E7B20BDBE8A0051A8CF /* GridView+Drawing.swift */,
				15D00E7D20BDBECF0051A8CF /* GridView+Calculations.swift */,
				15D00E8520BDC84A0051A8CF /* GridView+Subviews.swift */,
				153F9D8920C02B440051D0D3 /* GridSrollView+Subviews.swift */,
				15D00E9420BDDE280051A8CF /* GridView+Layout.swift */,
			);
			path = Extensions;
			sourceTree = "<group>";
		};
		15D00E8220BDC4900051A8CF /* Extensions */ = {
			isa = PBXGroup;
			children = (
				15D00E8320BDC49F0051A8CF /* UIColor+Tools.swift */,
			);
			path = Extensions;
			sourceTree = "<group>";
		};
		41D83C6D48422F23A3AD3BE9 /* Pods */ = {
			isa = PBXGroup;
			children = (
				4A3632002708C4117FD2E160 /* Pods-Hagrid.debug.xcconfig */,
				D18E01931BD7CDB4C6680694 /* Pods-Hagrid.release.xcconfig */,
				3CB21749E899116D43348A5B /* Pods-TheGrid.debug.xcconfig */,
				E0A3C8BC6F94CC51804EB9DB /* Pods-TheGrid.release.xcconfig */,
				6BDDE19FA3AA6C9956FC29F8 /* Pods-Hagrid-iOS.debug.xcconfig */,
				69E2FBC6F4687B54A0C44152 /* Pods-Hagrid-iOS.release.xcconfig */,
				C242ACA85C259DC0AFADA102 /* Pods-Hagrid-Demo.debug.xcconfig */,
				D3E73270D6C628A61AC35C7D /* Pods-Hagrid-Demo.release.xcconfig */,
				88511D80AFA68B04A9940FDE /* Pods-Hagrid-tvOS.debug.xcconfig */,
				DF7847A38AF1993933259644 /* Pods-Hagrid-tvOS.release.xcconfig */,
				ED992AF2789CCD5AF016E590 /* Pods-Hagrid-macOS.debug.xcconfig */,
				C6BBCC95665D6D0A9AD40A40 /* Pods-Hagrid-macOS.release.xcconfig */,
			);
			name = Pods;
			sourceTree = "<group>";
		};
/* End PBXGroup section */

/* Begin PBXHeadersBuildPhase section */
		15020AA120C0A65200BBADBD /* Headers */ = {
			isa = PBXHeadersBuildPhase;
			buildActionMask = 2147483647;
			files = (
				15020AA820C0A65200BBADBD /* Hagrid_appleTV.h in Headers */,
			);
			runOnlyForDeploymentPostprocessing = 0;
		};
		15020AC120C0A9A300BBADBD /* Headers */ = {
			isa = PBXHeadersBuildPhase;
			buildActionMask = 2147483647;
			files = (
				15020AC820C0A9A300BBADBD /* Hagrid_macOS.h in Headers */,
			);
			runOnlyForDeploymentPostprocessing = 0;
		};
		151640E720BD7A8C0062FA33 /* Headers */ = {
			isa = PBXHeadersBuildPhase;
			buildActionMask = 2147483647;
			files = (
				151640FB20BD7A8C0062FA33 /* TheGrid.h in Headers */,
			);
			runOnlyForDeploymentPostprocessing = 0;
		};
/* End PBXHeadersBuildPhase section */

/* Begin PBXNativeTarget section */
		15020AA320C0A65200BBADBD /* Hagrid-tvOS */ = {
			isa = PBXNativeTarget;
			buildConfigurationList = 15020AA920C0A65200BBADBD /* Build configuration list for PBXNativeTarget "Hagrid-tvOS" */;
			buildPhases = (
				FAE883F56D4E05988285A5A8 /* [CP] Check Pods Manifest.lock */,
				15020A9F20C0A65200BBADBD /* Sources */,
				15020AA020C0A65200BBADBD /* Frameworks */,
				15020AA120C0A65200BBADBD /* Headers */,
				15020AA220C0A65200BBADBD /* Resources */,
			);
			buildRules = (
			);
			dependencies = (
			);
			name = "Hagrid-tvOS";
			productName = "Hagrid-appleTV";
			productReference = 15020AA420C0A65200BBADBD /* Hagrid.framework */;
			productType = "com.apple.product-type.framework";
		};
		15020AC320C0A9A300BBADBD /* Hagrid-macOS */ = {
			isa = PBXNativeTarget;
			buildConfigurationList = 15020AC920C0A9A300BBADBD /* Build configuration list for PBXNativeTarget "Hagrid-macOS" */;
			buildPhases = (
				731A1E2BEE9071DAC09D7B75 /* [CP] Check Pods Manifest.lock */,
				15020ABF20C0A9A300BBADBD /* Sources */,
				15020AC020C0A9A300BBADBD /* Frameworks */,
				15020AC120C0A9A300BBADBD /* Headers */,
				15020AC220C0A9A300BBADBD /* Resources */,
			);
			buildRules = (
			);
			dependencies = (
			);
			name = "Hagrid-macOS";
			productName = "Hagrid-macOS";
			productReference = 15020AC420C0A9A300BBADBD /* Hagrid.framework */;
			productType = "com.apple.product-type.framework";
		};
		151640E920BD7A8C0062FA33 /* Hagrid-iOS */ = {
			isa = PBXNativeTarget;
			buildConfigurationList = 151640FE20BD7A8C0062FA33 /* Build configuration list for PBXNativeTarget "Hagrid-iOS" */;
			buildPhases = (
				908C19F8659954CA27010EC4 /* [CP] Check Pods Manifest.lock */,
				151640E520BD7A8C0062FA33 /* Sources */,
				151640E620BD7A8C0062FA33 /* Frameworks */,
				151640E720BD7A8C0062FA33 /* Headers */,
				151640E820BD7A8C0062FA33 /* Resources */,
			);
			buildRules = (
			);
			dependencies = (
			);
			name = "Hagrid-iOS";
			productName = TheGrid;
			productReference = 151640EA20BD7A8C0062FA33 /* Hagrid.framework */;
			productType = "com.apple.product-type.framework";
		};
		1516410C20BD7B740062FA33 /* Hagrid-Demo */ = {
			isa = PBXNativeTarget;
			buildConfigurationList = 1516411C20BD7B750062FA33 /* Build configuration list for PBXNativeTarget "Hagrid-Demo" */;
			buildPhases = (
				12A5A45FA24F0D97816D9013 /* [CP] Check Pods Manifest.lock */,
				1516410920BD7B740062FA33 /* Sources */,
				1516410A20BD7B740062FA33 /* Frameworks */,
				1516410B20BD7B740062FA33 /* Resources */,
				153F9D9320C08E470051D0D3 /* Embed Frameworks */,
				94EBE1097F5EF1196F78070D /* [CP] Embed Pods Frameworks */,
			);
			buildRules = (
			);
			dependencies = (
				153F9D9220C08E470051D0D3 /* PBXTargetDependency */,
			);
			name = "Hagrid-Demo";
			productName = Hagrid;
			productReference = 1516410D20BD7B740062FA33 /* Hagrid-Demo.app */;
			productType = "com.apple.product-type.application";
		};
/* End PBXNativeTarget section */

/* Begin PBXProject section */
		151640E120BD7A8C0062FA33 /* Project object */ = {
			isa = PBXProject;
			attributes = {
				LastSwiftUpdateCheck = 0930;
				LastUpgradeCheck = 0930;
				ORGANIZATIONNAME = LiveUI;
				TargetAttributes = {
					15020AA320C0A65200BBADBD = {
						CreatedOnToolsVersion = 9.3.1;
					};
					15020AC320C0A9A300BBADBD = {
						CreatedOnToolsVersion = 9.3.1;
					};
					151640E920BD7A8C0062FA33 = {
						CreatedOnToolsVersion = 9.3;
						LastSwiftMigration = 0930;
					};
					1516410C20BD7B740062FA33 = {
						CreatedOnToolsVersion = 9.3;
					};
				};
			};
			buildConfigurationList = 151640E420BD7A8C0062FA33 /* Build configuration list for PBXProject "Hagrid" */;
			compatibilityVersion = "Xcode 9.3";
			developmentRegion = en;
			hasScannedForEncodings = 0;
			knownRegions = (
				en,
				Base,
			);
			mainGroup = 151640E020BD7A8C0062FA33;
			productRefGroup = 151640EB20BD7A8C0062FA33 /* Products */;
			projectDirPath = "";
			projectRoot = "";
			targets = (
				1516410C20BD7B740062FA33 /* Hagrid-Demo */,
				151640E920BD7A8C0062FA33 /* Hagrid-iOS */,
				15020AA320C0A65200BBADBD /* Hagrid-tvOS */,
				15020AC320C0A9A300BBADBD /* Hagrid-macOS */,
			);
		};
/* End PBXProject section */

/* Begin PBXResourcesBuildPhase section */
		15020AA220C0A65200BBADBD /* Resources */ = {
			isa = PBXResourcesBuildPhase;
			buildActionMask = 2147483647;
			files = (
				15020ADE20C0AF7000BBADBD /* Cartfile in Resources */,
			);
			runOnlyForDeploymentPostprocessing = 0;
		};
		15020AC220C0A9A300BBADBD /* Resources */ = {
			isa = PBXResourcesBuildPhase;
			buildActionMask = 2147483647;
			files = (
				15020ADF20C0AF7000BBADBD /* Cartfile in Resources */,
			);
			runOnlyForDeploymentPostprocessing = 0;
		};
		151640E820BD7A8C0062FA33 /* Resources */ = {
			isa = PBXResourcesBuildPhase;
			buildActionMask = 2147483647;
			files = (
				15020ADD20C0AF7000BBADBD /* Cartfile in Resources */,
			);
			runOnlyForDeploymentPostprocessing = 0;
		};
		1516410B20BD7B740062FA33 /* Resources */ = {
			isa = PBXResourcesBuildPhase;
			buildActionMask = 2147483647;
			files = (
				1516411A20BD7B750062FA33 /* LaunchScreen.storyboard in Resources */,
				1516411720BD7B750062FA33 /* Assets.xcassets in Resources */,
				15020A9E20C0A5A200BBADBD /* Hagrid.podspec in Resources */,
			);
			runOnlyForDeploymentPostprocessing = 0;
		};
/* End PBXResourcesBuildPhase section */

/* Begin PBXShellScriptBuildPhase section */
		12A5A45FA24F0D97816D9013 /* [CP] Check Pods Manifest.lock */ = {
			isa = PBXShellScriptBuildPhase;
			buildActionMask = 2147483647;
			files = (
			);
			inputPaths = (
				"${PODS_PODFILE_DIR_PATH}/Podfile.lock",
				"${PODS_ROOT}/Manifest.lock",
			);
			name = "[CP] Check Pods Manifest.lock";
			outputPaths = (
				"$(DERIVED_FILE_DIR)/Pods-Hagrid-Demo-checkManifestLockResult.txt",
			);
			runOnlyForDeploymentPostprocessing = 0;
			shellPath = /bin/sh;
			shellScript = "diff \"${PODS_PODFILE_DIR_PATH}/Podfile.lock\" \"${PODS_ROOT}/Manifest.lock\" > /dev/null\nif [ $? != 0 ] ; then\n    # print error to STDERR\n    echo \"error: The sandbox is not in sync with the Podfile.lock. Run 'pod install' or update your CocoaPods installation.\" >&2\n    exit 1\nfi\n# This output is used by Xcode 'outputs' to avoid re-running this script phase.\necho \"SUCCESS\" > \"${SCRIPT_OUTPUT_FILE_0}\"\n";
			showEnvVarsInLog = 0;
		};
		731A1E2BEE9071DAC09D7B75 /* [CP] Check Pods Manifest.lock */ = {
			isa = PBXShellScriptBuildPhase;
			buildActionMask = 2147483647;
			files = (
			);
			inputPaths = (
				"${PODS_PODFILE_DIR_PATH}/Podfile.lock",
				"${PODS_ROOT}/Manifest.lock",
			);
			name = "[CP] Check Pods Manifest.lock";
			outputPaths = (
				"$(DERIVED_FILE_DIR)/Pods-Hagrid-macOS-checkManifestLockResult.txt",
			);
			runOnlyForDeploymentPostprocessing = 0;
			shellPath = /bin/sh;
			shellScript = "diff \"${PODS_PODFILE_DIR_PATH}/Podfile.lock\" \"${PODS_ROOT}/Manifest.lock\" > /dev/null\nif [ $? != 0 ] ; then\n    # print error to STDERR\n    echo \"error: The sandbox is not in sync with the Podfile.lock. Run 'pod install' or update your CocoaPods installation.\" >&2\n    exit 1\nfi\n# This output is used by Xcode 'outputs' to avoid re-running this script phase.\necho \"SUCCESS\" > \"${SCRIPT_OUTPUT_FILE_0}\"\n";
			showEnvVarsInLog = 0;
		};
		908C19F8659954CA27010EC4 /* [CP] Check Pods Manifest.lock */ = {
			isa = PBXShellScriptBuildPhase;
			buildActionMask = 2147483647;
			files = (
			);
			inputPaths = (
				"${PODS_PODFILE_DIR_PATH}/Podfile.lock",
				"${PODS_ROOT}/Manifest.lock",
			);
			name = "[CP] Check Pods Manifest.lock";
			outputPaths = (
				"$(DERIVED_FILE_DIR)/Pods-Hagrid-iOS-checkManifestLockResult.txt",
			);
			runOnlyForDeploymentPostprocessing = 0;
			shellPath = /bin/sh;
			shellScript = "diff \"${PODS_PODFILE_DIR_PATH}/Podfile.lock\" \"${PODS_ROOT}/Manifest.lock\" > /dev/null\nif [ $? != 0 ] ; then\n    # print error to STDERR\n    echo \"error: The sandbox is not in sync with the Podfile.lock. Run 'pod install' or update your CocoaPods installation.\" >&2\n    exit 1\nfi\n# This output is used by Xcode 'outputs' to avoid re-running this script phase.\necho \"SUCCESS\" > \"${SCRIPT_OUTPUT_FILE_0}\"\n";
			showEnvVarsInLog = 0;
		};
		94EBE1097F5EF1196F78070D /* [CP] Embed Pods Frameworks */ = {
			isa = PBXShellScriptBuildPhase;
			buildActionMask = 2147483647;
			files = (
			);
			inputPaths = (
				"${SRCROOT}/Pods/Target Support Files/Pods-Hagrid-Demo/Pods-Hagrid-Demo-frameworks.sh",
				"${BUILT_PRODUCTS_DIR}/SnapKit-iOS/SnapKit.framework",
			);
			name = "[CP] Embed Pods Frameworks";
			outputPaths = (
				"${TARGET_BUILD_DIR}/${FRAMEWORKS_FOLDER_PATH}/SnapKit.framework",
			);
			runOnlyForDeploymentPostprocessing = 0;
			shellPath = /bin/sh;
			shellScript = "\"${SRCROOT}/Pods/Target Support Files/Pods-Hagrid-Demo/Pods-Hagrid-Demo-frameworks.sh\"\n";
			showEnvVarsInLog = 0;
		};
		FAE883F56D4E05988285A5A8 /* [CP] Check Pods Manifest.lock */ = {
			isa = PBXShellScriptBuildPhase;
			buildActionMask = 2147483647;
			files = (
			);
			inputPaths = (
				"${PODS_PODFILE_DIR_PATH}/Podfile.lock",
				"${PODS_ROOT}/Manifest.lock",
			);
			name = "[CP] Check Pods Manifest.lock";
			outputPaths = (
				"$(DERIVED_FILE_DIR)/Pods-Hagrid-tvOS-checkManifestLockResult.txt",
			);
			runOnlyForDeploymentPostprocessing = 0;
			shellPath = /bin/sh;
			shellScript = "diff \"${PODS_PODFILE_DIR_PATH}/Podfile.lock\" \"${PODS_ROOT}/Manifest.lock\" > /dev/null\nif [ $? != 0 ] ; then\n    # print error to STDERR\n    echo \"error: The sandbox is not in sync with the Podfile.lock. Run 'pod install' or update your CocoaPods installation.\" >&2\n    exit 1\nfi\n# This output is used by Xcode 'outputs' to avoid re-running this script phase.\necho \"SUCCESS\" > \"${SCRIPT_OUTPUT_FILE_0}\"\n";
			showEnvVarsInLog = 0;
		};
/* End PBXShellScriptBuildPhase section */

/* Begin PBXSourcesBuildPhase section */
		15020A9F20C0A65200BBADBD /* Sources */ = {
			isa = PBXSourcesBuildPhase;
			buildActionMask = 2147483647;
			files = (
				15020AB920C0A6B500BBADBD /* Position.swift in Sources */,
				15020ABC20C0A6B500BBADBD /* Subview.swift in Sources */,
				15020AAD20C0A6B500BBADBD /* ScrollViewForwarder.swift in Sources */,
				15020AB320C0A6B500BBADBD /* GridView+Drawing.swift in Sources */,
				15020AB720C0A6B500BBADBD /* GridView+Layout.swift in Sources */,
				15020AB220C0A6B500BBADBD /* UIColor+Tools.swift in Sources */,
				15020AB820C0A6B500BBADBD /* Vertical.swift in Sources */,
				15020AAE20C0A6B500BBADBD /* GridView.swift in Sources */,
				15020AD120C0AA8100BBADBD /* Compatibility.swift in Sources */,
				15020AB520C0A6B500BBADBD /* GridView+Subviews.swift in Sources */,
				15020ABB20C0A6B500BBADBD /* Properties.swift in Sources */,
				15020AB420C0A6B500BBADBD /* GridView+Calculations.swift in Sources */,
				15020AB120C0A6B500BBADBD /* GridViewController.swift in Sources */,
				15020AAC20C0A6B500BBADBD /* GridViewInterface.swift in Sources */,
				15020ABA20C0A6B500BBADBD /* Padding.swift in Sources */,
				15020AB020C0A6B500BBADBD /* GridScrollViewController.swift in Sources */,
				15020AAF20C0A6B500BBADBD /* GridScrollView.swift in Sources */,
				15020AB620C0A6B500BBADBD /* GridSrollView+Subviews.swift in Sources */,
			);
			runOnlyForDeploymentPostprocessing = 0;
		};
		15020ABF20C0A9A300BBADBD /* Sources */ = {
			isa = PBXSourcesBuildPhase;
			buildActionMask = 2147483647;
			files = (
				15020ADB20C0ACAD00BBADBD /* GridViewInterface.swift in Sources */,
				15020AE020C0BF6700BBADBD /* GridView+Drawing.swift in Sources */,
				15020ACD20C0A9F800BBADBD /* Properties.swift in Sources */,
				15020AE320C0BFAC00BBADBD /* GridScrollView.swift in Sources */,
				15020ACE20C0A9F800BBADBD /* Subview.swift in Sources */,
				15020AE520C0BFEA00BBADBD /* GridViewController.swift in Sources */,
				15020AD920C0AC8D00BBADBD /* GridView+Layout.swift in Sources */,
				15020ADA20C0AC9F00BBADBD /* GridView.swift in Sources */,
				15020AD220C0AA8100BBADBD /* Compatibility.swift in Sources */,
				15020AD420C0AB7500BBADBD /* Position.swift in Sources */,
				15020AD320C0AB7500BBADBD /* Vertical.swift in Sources */,
				15020AD620C0AC8D00BBADBD /* GridView+Calculations.swift in Sources */,
				15020AD720C0AC8D00BBADBD /* GridView+Subviews.swift in Sources */,
				15020AD520C0AB7500BBADBD /* Padding.swift in Sources */,
				15020AE420C0BFB800BBADBD /* GridScrollViewController.swift in Sources */,
				15020AE620C0BFEA00BBADBD /* GridSrollView+Subviews.swift in Sources */,
				15020AE220C0BF9A00BBADBD /* ScrollViewForwarder.swift in Sources */,
				15020AE120C0BF6B00BBADBD /* UIColor+Tools.swift in Sources */,
			);
			runOnlyForDeploymentPostprocessing = 0;
		};
		151640E520BD7A8C0062FA33 /* Sources */ = {
			isa = PBXSourcesBuildPhase;
			buildActionMask = 2147483647;
			files = (
				153F9D8820C028750051D0D3 /* GridViewInterface.swift in Sources */,
				15D00E8F20BDD0690051A8CF /* Padding.swift in Sources */,
				1516412220BD7D760062FA33 /* GridView.swift in Sources */,
				15D00E8120BDC3B80051A8CF /* Position.swift in Sources */,
				153F9D7720BE1ACE0051D0D3 /* Vertical.swift in Sources */,
				15D00E9520BDDE280051A8CF /* GridView+Layout.swift in Sources */,
				153F9D8E20C03A6C0051D0D3 /* ScrollViewForwarder.swift in Sources */,
				15D00E7C20BDBE8A0051A8CF /* GridView+Drawing.swift in Sources */,
				15020AD020C0AA8100BBADBD /* Compatibility.swift in Sources */,
				153F9D8A20C02B440051D0D3 /* GridSrollView+Subviews.swift in Sources */,
				153F9D8320C023610051D0D3 /* GridScrollViewController.swift in Sources */,
				15D00E7A20BDB8C20051A8CF /* UIColor+Tools.swift in Sources */,
				15D00E9120BDD1930051A8CF /* Properties.swift in Sources */,
				153F9D8520C027B70051D0D3 /* GridScrollView.swift in Sources */,
				153F9D7520BE02D70051D0D3 /* GridViewController.swift in Sources */,
				15D00E9320BDD2250051A8CF /* Subview.swift in Sources */,
				15D00E8620BDC84A0051A8CF /* GridView+Subviews.swift in Sources */,
				15D00E7E20BDBECF0051A8CF /* GridView+Calculations.swift in Sources */,
			);
			runOnlyForDeploymentPostprocessing = 0;
		};
		1516410920BD7B740062FA33 /* Sources */ = {
			isa = PBXSourcesBuildPhase;
			buildActionMask = 2147483647;
			files = (
				15D00E8420BDC49F0051A8CF /* UIColor+Tools.swift in Sources */,
				1516411220BD7B740062FA33 /* ViewController.swift in Sources */,
				1516411020BD7B740062FA33 /* AppDelegate.swift in Sources */,
			);
			runOnlyForDeploymentPostprocessing = 0;
		};
/* End PBXSourcesBuildPhase section */

/* Begin PBXTargetDependency section */
		153F9D9220C08E470051D0D3 /* PBXTargetDependency */ = {
			isa = PBXTargetDependency;
			target = 151640E920BD7A8C0062FA33 /* Hagrid-iOS */;
			targetProxy = 153F9D9120C08E470051D0D3 /* PBXContainerItemProxy */;
		};
/* End PBXTargetDependency section */

/* Begin PBXVariantGroup section */
		1516411820BD7B750062FA33 /* LaunchScreen.storyboard */ = {
			isa = PBXVariantGroup;
			children = (
				1516411920BD7B750062FA33 /* Base */,
			);
			name = LaunchScreen.storyboard;
			sourceTree = "<group>";
		};
/* End PBXVariantGroup section */

/* Begin XCBuildConfiguration section */
		15020AAA20C0A65200BBADBD /* Debug */ = {
			isa = XCBuildConfiguration;
			baseConfigurationReference = 88511D80AFA68B04A9940FDE /* Pods-Hagrid-tvOS.debug.xcconfig */;
			buildSettings = {
				CODE_SIGN_IDENTITY = "";
				CODE_SIGN_STYLE = Automatic;
				DEFINES_MODULE = YES;
				DYLIB_COMPATIBILITY_VERSION = 1;
				DYLIB_CURRENT_VERSION = 1;
				DYLIB_INSTALL_NAME_BASE = "@rpath";
				INFOPLIST_FILE = "Hagrid-tvOS/Supporting files/Info.plist";
				INSTALL_PATH = "$(LOCAL_LIBRARY_DIR)/Frameworks";
				LD_RUNPATH_SEARCH_PATHS = (
					"$(inherited)",
					"@executable_path/Frameworks",
					"@loader_path/Frameworks",
				);
				PRODUCT_BUNDLE_IDENTIFIER = "io.liveui.Hagrid-appleTV";
				PRODUCT_NAME = Hagrid;
				SDKROOT = appletvos;
				SKIP_INSTALL = YES;
				SWIFT_VERSION = 4.0;
				TARGETED_DEVICE_FAMILY = 3;
				TVOS_DEPLOYMENT_TARGET = 10.2;
			};
			name = Debug;
		};
		15020AAB20C0A65200BBADBD /* Release */ = {
			isa = XCBuildConfiguration;
			baseConfigurationReference = DF7847A38AF1993933259644 /* Pods-Hagrid-tvOS.release.xcconfig */;
			buildSettings = {
				CODE_SIGN_IDENTITY = "";
				CODE_SIGN_STYLE = Automatic;
				DEFINES_MODULE = YES;
				DYLIB_COMPATIBILITY_VERSION = 1;
				DYLIB_CURRENT_VERSION = 1;
				DYLIB_INSTALL_NAME_BASE = "@rpath";
				INFOPLIST_FILE = "Hagrid-tvOS/Supporting files/Info.plist";
				INSTALL_PATH = "$(LOCAL_LIBRARY_DIR)/Frameworks";
				LD_RUNPATH_SEARCH_PATHS = (
					"$(inherited)",
					"@executable_path/Frameworks",
					"@loader_path/Frameworks",
				);
				PRODUCT_BUNDLE_IDENTIFIER = "io.liveui.Hagrid-appleTV";
				PRODUCT_NAME = Hagrid;
				SDKROOT = appletvos;
				SKIP_INSTALL = YES;
				SWIFT_VERSION = 4.0;
				TARGETED_DEVICE_FAMILY = 3;
				TVOS_DEPLOYMENT_TARGET = 10.2;
			};
			name = Release;
		};
		15020ACA20C0A9A300BBADBD /* Debug */ = {
			isa = XCBuildConfiguration;
			baseConfigurationReference = ED992AF2789CCD5AF016E590 /* Pods-Hagrid-macOS.debug.xcconfig */;
			buildSettings = {
				CODE_SIGN_IDENTITY = "-";
				CODE_SIGN_STYLE = Automatic;
				COMBINE_HIDPI_IMAGES = YES;
				DEFINES_MODULE = YES;
				DYLIB_COMPATIBILITY_VERSION = 1;
				DYLIB_CURRENT_VERSION = 1;
				DYLIB_INSTALL_NAME_BASE = "@rpath";
				FRAMEWORK_VERSION = A;
				INFOPLIST_FILE = "Hagrid-macOS/Supporting files/Info.plist";
				INSTALL_PATH = "$(LOCAL_LIBRARY_DIR)/Frameworks";
				LD_RUNPATH_SEARCH_PATHS = (
					"$(inherited)",
					"@executable_path/../Frameworks",
					"@loader_path/Frameworks",
				);
				MACOSX_DEPLOYMENT_TARGET = 10.12;
				PRODUCT_BUNDLE_IDENTIFIER = "io.liveui.Hagrid-macOS";
				PRODUCT_NAME = Hagrid;
				SDKROOT = macosx;
				SKIP_INSTALL = YES;
				SWIFT_VERSION = 4.0;
			};
			name = Debug;
		};
		15020ACB20C0A9A300BBADBD /* Release */ = {
			isa = XCBuildConfiguration;
			baseConfigurationReference = C6BBCC95665D6D0A9AD40A40 /* Pods-Hagrid-macOS.release.xcconfig */;
			buildSettings = {
				CODE_SIGN_IDENTITY = "-";
				CODE_SIGN_STYLE = Automatic;
				COMBINE_HIDPI_IMAGES = YES;
				DEFINES_MODULE = YES;
				DYLIB_COMPATIBILITY_VERSION = 1;
				DYLIB_CURRENT_VERSION = 1;
				DYLIB_INSTALL_NAME_BASE = "@rpath";
				FRAMEWORK_VERSION = A;
				INFOPLIST_FILE = "Hagrid-macOS/Supporting files/Info.plist";
				INSTALL_PATH = "$(LOCAL_LIBRARY_DIR)/Frameworks";
				LD_RUNPATH_SEARCH_PATHS = (
					"$(inherited)",
					"@executable_path/../Frameworks",
					"@loader_path/Frameworks",
				);
				MACOSX_DEPLOYMENT_TARGET = 10.12;
				PRODUCT_BUNDLE_IDENTIFIER = "io.liveui.Hagrid-macOS";
				PRODUCT_NAME = Hagrid;
				SDKROOT = macosx;
				SKIP_INSTALL = YES;
				SWIFT_VERSION = 4.0;
			};
			name = Release;
		};
		151640FC20BD7A8C0062FA33 /* Debug */ = {
			isa = XCBuildConfiguration;
			buildSettings = {
				ALWAYS_SEARCH_USER_PATHS = NO;
				CLANG_ANALYZER_NONNULL = YES;
				CLANG_ANALYZER_NUMBER_OBJECT_CONVERSION = YES_AGGRESSIVE;
				CLANG_CXX_LANGUAGE_STANDARD = "gnu++14";
				CLANG_CXX_LIBRARY = "libc++";
				CLANG_ENABLE_MODULES = YES;
				CLANG_ENABLE_OBJC_ARC = YES;
				CLANG_ENABLE_OBJC_WEAK = YES;
				CLANG_WARN_BLOCK_CAPTURE_AUTORELEASING = YES;
				CLANG_WARN_BOOL_CONVERSION = YES;
				CLANG_WARN_COMMA = YES;
				CLANG_WARN_CONSTANT_CONVERSION = YES;
				CLANG_WARN_DEPRECATED_OBJC_IMPLEMENTATIONS = YES;
				CLANG_WARN_DIRECT_OBJC_ISA_USAGE = YES_ERROR;
				CLANG_WARN_DOCUMENTATION_COMMENTS = YES;
				CLANG_WARN_EMPTY_BODY = YES;
				CLANG_WARN_ENUM_CONVERSION = YES;
				CLANG_WARN_INFINITE_RECURSION = YES;
				CLANG_WARN_INT_CONVERSION = YES;
				CLANG_WARN_NON_LITERAL_NULL_CONVERSION = YES;
				CLANG_WARN_OBJC_IMPLICIT_RETAIN_SELF = YES;
				CLANG_WARN_OBJC_LITERAL_CONVERSION = YES;
				CLANG_WARN_OBJC_ROOT_CLASS = YES_ERROR;
				CLANG_WARN_RANGE_LOOP_ANALYSIS = YES;
				CLANG_WARN_STRICT_PROTOTYPES = YES;
				CLANG_WARN_SUSPICIOUS_MOVE = YES;
				CLANG_WARN_UNGUARDED_AVAILABILITY = YES_AGGRESSIVE;
				CLANG_WARN_UNREACHABLE_CODE = YES;
				CLANG_WARN__DUPLICATE_METHOD_MATCH = YES;
				CODE_SIGN_IDENTITY = "iPhone Developer";
				COPY_PHASE_STRIP = NO;
				CURRENT_PROJECT_VERSION = 1;
				DEBUG_INFORMATION_FORMAT = dwarf;
				ENABLE_STRICT_OBJC_MSGSEND = YES;
				ENABLE_TESTABILITY = YES;
				GCC_C_LANGUAGE_STANDARD = gnu11;
				GCC_DYNAMIC_NO_PIC = NO;
				GCC_NO_COMMON_BLOCKS = YES;
				GCC_OPTIMIZATION_LEVEL = 0;
				GCC_PREPROCESSOR_DEFINITIONS = (
					"DEBUG=1",
					"$(inherited)",
				);
				GCC_WARN_64_TO_32_BIT_CONVERSION = YES;
				GCC_WARN_ABOUT_RETURN_TYPE = YES_ERROR;
				GCC_WARN_UNDECLARED_SELECTOR = YES;
				GCC_WARN_UNINITIALIZED_AUTOS = YES_AGGRESSIVE;
				GCC_WARN_UNUSED_FUNCTION = YES;
				GCC_WARN_UNUSED_VARIABLE = YES;
				IPHONEOS_DEPLOYMENT_TARGET = 9.3;
				MTL_ENABLE_DEBUG_INFO = YES;
				ONLY_ACTIVE_ARCH = YES;
				SDKROOT = iphoneos;
				SWIFT_ACTIVE_COMPILATION_CONDITIONS = DEBUG;
				SWIFT_OPTIMIZATION_LEVEL = "-Onone";
				VERSIONING_SYSTEM = "apple-generic";
				VERSION_INFO_PREFIX = "";
			};
			name = Debug;
		};
		151640FD20BD7A8C0062FA33 /* Release */ = {
			isa = XCBuildConfiguration;
			buildSettings = {
				ALWAYS_SEARCH_USER_PATHS = NO;
				CLANG_ANALYZER_NONNULL = YES;
				CLANG_ANALYZER_NUMBER_OBJECT_CONVERSION = YES_AGGRESSIVE;
				CLANG_CXX_LANGUAGE_STANDARD = "gnu++14";
				CLANG_CXX_LIBRARY = "libc++";
				CLANG_ENABLE_MODULES = YES;
				CLANG_ENABLE_OBJC_ARC = YES;
				CLANG_ENABLE_OBJC_WEAK = YES;
				CLANG_WARN_BLOCK_CAPTURE_AUTORELEASING = YES;
				CLANG_WARN_BOOL_CONVERSION = YES;
				CLANG_WARN_COMMA = YES;
				CLANG_WARN_CONSTANT_CONVERSION = YES;
				CLANG_WARN_DEPRECATED_OBJC_IMPLEMENTATIONS = YES;
				CLANG_WARN_DIRECT_OBJC_ISA_USAGE = YES_ERROR;
				CLANG_WARN_DOCUMENTATION_COMMENTS = YES;
				CLANG_WARN_EMPTY_BODY = YES;
				CLANG_WARN_ENUM_CONVERSION = YES;
				CLANG_WARN_INFINITE_RECURSION = YES;
				CLANG_WARN_INT_CONVERSION = YES;
				CLANG_WARN_NON_LITERAL_NULL_CONVERSION = YES;
				CLANG_WARN_OBJC_IMPLICIT_RETAIN_SELF = YES;
				CLANG_WARN_OBJC_LITERAL_CONVERSION = YES;
				CLANG_WARN_OBJC_ROOT_CLASS = YES_ERROR;
				CLANG_WARN_RANGE_LOOP_ANALYSIS = YES;
				CLANG_WARN_STRICT_PROTOTYPES = YES;
				CLANG_WARN_SUSPICIOUS_MOVE = YES;
				CLANG_WARN_UNGUARDED_AVAILABILITY = YES_AGGRESSIVE;
				CLANG_WARN_UNREACHABLE_CODE = YES;
				CLANG_WARN__DUPLICATE_METHOD_MATCH = YES;
				CODE_SIGN_IDENTITY = "iPhone Developer";
				COPY_PHASE_STRIP = NO;
				CURRENT_PROJECT_VERSION = 1;
				DEBUG_INFORMATION_FORMAT = "dwarf-with-dsym";
				ENABLE_NS_ASSERTIONS = NO;
				ENABLE_STRICT_OBJC_MSGSEND = YES;
				GCC_C_LANGUAGE_STANDARD = gnu11;
				GCC_NO_COMMON_BLOCKS = YES;
				GCC_WARN_64_TO_32_BIT_CONVERSION = YES;
				GCC_WARN_ABOUT_RETURN_TYPE = YES_ERROR;
				GCC_WARN_UNDECLARED_SELECTOR = YES;
				GCC_WARN_UNINITIALIZED_AUTOS = YES_AGGRESSIVE;
				GCC_WARN_UNUSED_FUNCTION = YES;
				GCC_WARN_UNUSED_VARIABLE = YES;
				IPHONEOS_DEPLOYMENT_TARGET = 9.3;
				MTL_ENABLE_DEBUG_INFO = NO;
				SDKROOT = iphoneos;
				SWIFT_COMPILATION_MODE = wholemodule;
				SWIFT_OPTIMIZATION_LEVEL = "-O";
				VALIDATE_PRODUCT = YES;
				VERSIONING_SYSTEM = "apple-generic";
				VERSION_INFO_PREFIX = "";
			};
			name = Release;
		};
		151640FF20BD7A8C0062FA33 /* Debug */ = {
			isa = XCBuildConfiguration;
			baseConfigurationReference = 6BDDE19FA3AA6C9956FC29F8 /* Pods-Hagrid-iOS.debug.xcconfig */;
			buildSettings = {
				CLANG_ENABLE_MODULES = YES;
				CODE_SIGN_IDENTITY = "";
				CODE_SIGN_STYLE = Automatic;
				DEFINES_MODULE = YES;
				DEVELOPMENT_TEAM = 3R8ZGADY96;
				DYLIB_COMPATIBILITY_VERSION = 1;
				DYLIB_CURRENT_VERSION = 1;
				DYLIB_INSTALL_NAME_BASE = "@rpath";
				INFOPLIST_FILE = "Hagrid-iOS/Supporting files/Info.plist";
				INSTALL_PATH = "$(LOCAL_LIBRARY_DIR)/Frameworks";
				IPHONEOS_DEPLOYMENT_TARGET = 9.3;
				LD_RUNPATH_SEARCH_PATHS = (
					"$(inherited)",
					"@executable_path/Frameworks",
					"@loader_path/Frameworks",
				);
				PRODUCT_BUNDLE_IDENTIFIER = "io.liveui.Hagrid-iOS";
				PRODUCT_NAME = Hagrid;
				SKIP_INSTALL = YES;
				SWIFT_OPTIMIZATION_LEVEL = "-Onone";
				SWIFT_VERSION = 4.0;
				TARGETED_DEVICE_FAMILY = "1,2";
			};
			name = Debug;
		};
		1516410020BD7A8C0062FA33 /* Release */ = {
			isa = XCBuildConfiguration;
			baseConfigurationReference = 69E2FBC6F4687B54A0C44152 /* Pods-Hagrid-iOS.release.xcconfig */;
			buildSettings = {
				CLANG_ENABLE_MODULES = YES;
				CODE_SIGN_IDENTITY = "";
				CODE_SIGN_STYLE = Automatic;
				DEFINES_MODULE = YES;
				DEVELOPMENT_TEAM = 3R8ZGADY96;
				DYLIB_COMPATIBILITY_VERSION = 1;
				DYLIB_CURRENT_VERSION = 1;
				DYLIB_INSTALL_NAME_BASE = "@rpath";
				INFOPLIST_FILE = "Hagrid-iOS/Supporting files/Info.plist";
				INSTALL_PATH = "$(LOCAL_LIBRARY_DIR)/Frameworks";
				IPHONEOS_DEPLOYMENT_TARGET = 9.3;
				LD_RUNPATH_SEARCH_PATHS = (
					"$(inherited)",
					"@executable_path/Frameworks",
					"@loader_path/Frameworks",
				);
				PRODUCT_BUNDLE_IDENTIFIER = "io.liveui.Hagrid-iOS";
				PRODUCT_NAME = Hagrid;
				SKIP_INSTALL = YES;
				SWIFT_VERSION = 4.0;
				TARGETED_DEVICE_FAMILY = "1,2";
			};
			name = Release;
		};
		1516411D20BD7B750062FA33 /* Debug */ = {
			isa = XCBuildConfiguration;
			baseConfigurationReference = C242ACA85C259DC0AFADA102 /* Pods-Hagrid-Demo.debug.xcconfig */;
			buildSettings = {
				ASSETCATALOG_COMPILER_APPICON_NAME = AppIcon;
				CODE_SIGN_STYLE = Automatic;
				DEVELOPMENT_TEAM = 3R8ZGADY96;
				INFOPLIST_FILE = "Hagrid Demo/Supporting files/Info.plist";
				IPHONEOS_DEPLOYMENT_TARGET = 10.3;
				LD_RUNPATH_SEARCH_PATHS = (
					"$(inherited)",
					"@executable_path/Frameworks",
				);
				PRODUCT_BUNDLE_IDENTIFIER = "io.liveui.Hagrid-Demo";
				PRODUCT_NAME = "$(TARGET_NAME)";
				SWIFT_VERSION = 4.0;
				TARGETED_DEVICE_FAMILY = "1,2";
			};
			name = Debug;
		};
		1516411E20BD7B750062FA33 /* Release */ = {
			isa = XCBuildConfiguration;
			baseConfigurationReference = D3E73270D6C628A61AC35C7D /* Pods-Hagrid-Demo.release.xcconfig */;
			buildSettings = {
				ASSETCATALOG_COMPILER_APPICON_NAME = AppIcon;
				CODE_SIGN_STYLE = Automatic;
				DEVELOPMENT_TEAM = 3R8ZGADY96;
				INFOPLIST_FILE = "Hagrid Demo/Supporting files/Info.plist";
				IPHONEOS_DEPLOYMENT_TARGET = 10.3;
				LD_RUNPATH_SEARCH_PATHS = (
					"$(inherited)",
					"@executable_path/Frameworks",
				);
				PRODUCT_BUNDLE_IDENTIFIER = "io.liveui.Hagrid-Demo";
				PRODUCT_NAME = "$(TARGET_NAME)";
				SWIFT_VERSION = 4.0;
				TARGETED_DEVICE_FAMILY = "1,2";
			};
			name = Release;
		};
/* End XCBuildConfiguration section */

/* Begin XCConfigurationList section */
		15020AA920C0A65200BBADBD /* Build configuration list for PBXNativeTarget "Hagrid-tvOS" */ = {
			isa = XCConfigurationList;
			buildConfigurations = (
				15020AAA20C0A65200BBADBD /* Debug */,
				15020AAB20C0A65200BBADBD /* Release */,
			);
			defaultConfigurationIsVisible = 0;
			defaultConfigurationName = Release;
		};
		15020AC920C0A9A300BBADBD /* Build configuration list for PBXNativeTarget "Hagrid-macOS" */ = {
			isa = XCConfigurationList;
			buildConfigurations = (
				15020ACA20C0A9A300BBADBD /* Debug */,
				15020ACB20C0A9A300BBADBD /* Release */,
			);
			defaultConfigurationIsVisible = 0;
			defaultConfigurationName = Release;
		};
		151640E420BD7A8C0062FA33 /* Build configuration list for PBXProject "Hagrid" */ = {
			isa = XCConfigurationList;
			buildConfigurations = (
				151640FC20BD7A8C0062FA33 /* Debug */,
				151640FD20BD7A8C0062FA33 /* Release */,
			);
			defaultConfigurationIsVisible = 0;
			defaultConfigurationName = Release;
		};
		151640FE20BD7A8C0062FA33 /* Build configuration list for PBXNativeTarget "Hagrid-iOS" */ = {
			isa = XCConfigurationList;
			buildConfigurations = (
				151640FF20BD7A8C0062FA33 /* Debug */,
				1516410020BD7A8C0062FA33 /* Release */,
			);
			defaultConfigurationIsVisible = 0;
			defaultConfigurationName = Release;
		};
		1516411C20BD7B750062FA33 /* Build configuration list for PBXNativeTarget "Hagrid-Demo" */ = {
			isa = XCConfigurationList;
			buildConfigurations = (
				1516411D20BD7B750062FA33 /* Debug */,
				1516411E20BD7B750062FA33 /* Release */,
			);
			defaultConfigurationIsVisible = 0;
			defaultConfigurationName = Release;
		};
/* End XCConfigurationList section */
	};
	rootObject = 151640E120BD7A8C0062FA33 /* Project object */;
}
